// !$*UTF8*$!
{
	archiveVersion = 1;
	classes = {
	};
	objectVersion = 46;
	objects = {

/* Begin PBXBuildFile section */
		E90F0A1E1EFA3F6700BC3EAD /* PlayerViewController.h in Headers */ = {isa = PBXBuildFile; fileRef = E90F0A141EFA3F6700BC3EAD /* PlayerViewController.h */; };
		E90F0A201EFA3F6700BC3EAD /* StrokeUILabel.h in Headers */ = {isa = PBXBuildFile; fileRef = E90F0A161EFA3F6700BC3EAD /* StrokeUILabel.h */; };
		E90F0A211EFA3F6700BC3EAD /* StrokeUILabel.m in Sources */ = {isa = PBXBuildFile; fileRef = E90F0A171EFA3F6700BC3EAD /* StrokeUILabel.m */; };
		E90F0A221EFA3F6700BC3EAD /* DMPlayer.h in Headers */ = {isa = PBXBuildFile; fileRef = E90F0A181EFA3F6700BC3EAD /* DMPlayer.h */; };
		E90F0A231EFA3F6700BC3EAD /* DMPlayer.m in Sources */ = {isa = PBXBuildFile; fileRef = E90F0A191EFA3F6700BC3EAD /* DMPlayer.m */; };
		E90F0A241EFA3F6700BC3EAD /* SiriRemoteGestureRecognizer.m in Sources */ = {isa = PBXBuildFile; fileRef = E90F0A1A1EFA3F6700BC3EAD /* SiriRemoteGestureRecognizer.m */; };
		E90F0A251EFA3F6700BC3EAD /* SiriRemoteGestureRecognizer.h in Headers */ = {isa = PBXBuildFile; fileRef = E90F0A1B1EFA3F6700BC3EAD /* SiriRemoteGestureRecognizer.h */; };
		E90F0A261EFA3F6700BC3EAD /* DanMuLayer.h in Headers */ = {isa = PBXBuildFile; fileRef = E90F0A1C1EFA3F6700BC3EAD /* DanMuLayer.h */; };
		E90F0A271EFA3F6700BC3EAD /* DanMuLayer.m in Sources */ = {isa = PBXBuildFile; fileRef = E90F0A1D1EFA3F6700BC3EAD /* DanMuLayer.m */; };
		E9201B3522429D95007FA8BA /* IJKMediaFrameworkWithSSL.framework in Frameworks */ = {isa = PBXBuildFile; fileRef = E996F91A2238D16000AC233B /* IJKMediaFrameworkWithSSL.framework */; };
		E9309EA8224A566D00CDB526 /* MPVPlayerImplement.h in Headers */ = {isa = PBXBuildFile; fileRef = E9309EA6224A566D00CDB526 /* MPVPlayerImplement.h */; };
		E9309EA9224A566D00CDB526 /* MPVPlayerImplement.m in Sources */ = {isa = PBXBuildFile; fileRef = E9309EA7224A566D00CDB526 /* MPVPlayerImplement.m */; };
		E9309EAF224B701B00CDB526 /* libwbclient.a in Frameworks */ = {isa = PBXBuildFile; fileRef = E9309EAA224B701B00CDB526 /* libwbclient.a */; };
		E9309EB5224B702800CDB526 /* libresolv.tbd in Frameworks */ = {isa = PBXBuildFile; fileRef = E9309EB4224B702800CDB526 /* libresolv.tbd */; };
		E9309EB7224B8F5700CDB526 /* ass.a in Frameworks */ = {isa = PBXBuildFile; fileRef = E9309EB6224B8F5700CDB526 /* ass.a */; };
		E9309EB9224B8F7D00CDB526 /* freetype.a in Frameworks */ = {isa = PBXBuildFile; fileRef = E9309EB8224B8F7D00CDB526 /* freetype.a */; };
		E9309EC0224B8FC800CDB526 /* uuid.a in Frameworks */ = {isa = PBXBuildFile; fileRef = E9309EBA224B8FC800CDB526 /* uuid.a */; };
		E9309EC1224B8FC800CDB526 /* expat.a in Frameworks */ = {isa = PBXBuildFile; fileRef = E9309EBB224B8FC800CDB526 /* expat.a */; };
		E9309EC3224B8FC800CDB526 /* fontconfig.a in Frameworks */ = {isa = PBXBuildFile; fileRef = E9309EBD224B8FC800CDB526 /* fontconfig.a */; };
		E9309EC4224B8FC800CDB526 /* png.a in Frameworks */ = {isa = PBXBuildFile; fileRef = E9309EBE224B8FC800CDB526 /* png.a */; };
		E9309EC5224B8FC800CDB526 /* png16.a in Frameworks */ = {isa = PBXBuildFile; fileRef = E9309EBF224B8FC800CDB526 /* png16.a */; };
		E9309EC9224CCBD500CDB526 /* uchardet.a in Frameworks */ = {isa = PBXBuildFile; fileRef = E9309EC8224CCBD500CDB526 /* uchardet.a */; };
		E9309ECE224DF56400CDB526 /* fribidi.a in Frameworks */ = {isa = PBXBuildFile; fileRef = E9309EBC224B8FC800CDB526 /* fribidi.a */; };
		E9309ED1224E21BB00CDB526 /* harfbuzz-subset.a in Frameworks */ = {isa = PBXBuildFile; fileRef = E9309ECF224E21BB00CDB526 /* harfbuzz-subset.a */; };
		E9309ED2224E21BB00CDB526 /* harfbuzz.a in Frameworks */ = {isa = PBXBuildFile; fileRef = E9309ED0224E21BB00CDB526 /* harfbuzz.a */; };
		E9309ED4224E561A00CDB526 /* bluray.a in Frameworks */ = {isa = PBXBuildFile; fileRef = E9309ED3224E561A00CDB526 /* bluray.a */; };
		E9309EFE2250790800CDB526 /* libtasn1.a in Frameworks */ = {isa = PBXBuildFile; fileRef = E9309EFC2250790800CDB526 /* libtasn1.a */; };
		E9309F022250F33000CDB526 /* libxml2.tbd in Frameworks */ = {isa = PBXBuildFile; fileRef = E9309ED5224E562800CDB526 /* libxml2.tbd */; };
		E9309F032250F5A100CDB526 /* libdsm.a in Frameworks */ = {isa = PBXBuildFile; fileRef = E9309EFD2250790800CDB526 /* libdsm.a */; };
		E94385FE2249D0A8004E62A7 /* libmpv.a in Frameworks */ = {isa = PBXBuildFile; fileRef = E94385FD2249D0A7004E62A7 /* libmpv.a */; };
		E94386092249D20F004E62A7 /* libavfilter.a in Frameworks */ = {isa = PBXBuildFile; fileRef = E94386012249D20E004E62A7 /* libavfilter.a */; };
		E943860A2249D20F004E62A7 /* libswresample.a in Frameworks */ = {isa = PBXBuildFile; fileRef = E94386022249D20E004E62A7 /* libswresample.a */; };
		E943860B2249D20F004E62A7 /* libavformat.a in Frameworks */ = {isa = PBXBuildFile; fileRef = E94386032249D20E004E62A7 /* libavformat.a */; };
		E943860C2249D20F004E62A7 /* libavcodec.a in Frameworks */ = {isa = PBXBuildFile; fileRef = E94386042249D20E004E62A7 /* libavcodec.a */; };
		E943860D2249D20F004E62A7 /* libavutil.a in Frameworks */ = {isa = PBXBuildFile; fileRef = E94386052249D20E004E62A7 /* libavutil.a */; };
		E943860E2249D20F004E62A7 /* libssl.a in Frameworks */ = {isa = PBXBuildFile; fileRef = E94386062249D20E004E62A7 /* libssl.a */; };
		E943860F2249D20F004E62A7 /* libswscale.a in Frameworks */ = {isa = PBXBuildFile; fileRef = E94386072249D20E004E62A7 /* libswscale.a */; };
		E94386102249D20F004E62A7 /* libcrypto.a in Frameworks */ = {isa = PBXBuildFile; fileRef = E94386082249D20F004E62A7 /* libcrypto.a */; };
		E94F95A42258F51600C9E41C /* RightPanelViewController.h in Headers */ = {isa = PBXBuildFile; fileRef = E94F95A12258F51600C9E41C /* RightPanelViewController.h */; };
		E94F95A52258F51600C9E41C /* RightPanelViewController.m in Sources */ = {isa = PBXBuildFile; fileRef = E94F95A22258F51600C9E41C /* RightPanelViewController.m */; };
		E94F95A62258F51600C9E41C /* RightPanelViewController.xib in Resources */ = {isa = PBXBuildFile; fileRef = E94F95A32258F51600C9E41C /* RightPanelViewController.xib */; };
		E94F95AA2258F68400C9E41C /* RightPanelCollectionViewCell.h in Headers */ = {isa = PBXBuildFile; fileRef = E94F95A72258F68400C9E41C /* RightPanelCollectionViewCell.h */; };
		E94F95AB2258F68400C9E41C /* RightPanelCollectionViewCell.m in Sources */ = {isa = PBXBuildFile; fileRef = E94F95A82258F68400C9E41C /* RightPanelCollectionViewCell.m */; };
		E94F95AC2258F68400C9E41C /* RightPanelCollectionViewCell.xib in Resources */ = {isa = PBXBuildFile; fileRef = E94F95A92258F68400C9E41C /* RightPanelCollectionViewCell.xib */; };
		E9530130223274B000137F79 /* CustomResourceLoader.m in Sources */ = {isa = PBXBuildFile; fileRef = E953012D223274AF00137F79 /* CustomResourceLoader.m */; };
		E9530131223274B000137F79 /* CustomResourceLoader.h in Headers */ = {isa = PBXBuildFile; fileRef = E953012E223274B000137F79 /* CustomResourceLoader.h */; };
		E953FFF4222BB3DE00137F79 /* DanMuView.m in Sources */ = {isa = PBXBuildFile; fileRef = E953FFF0222BB3DC00137F79 /* DanMuView.m */; };
		E953FFF5222BB3DE00137F79 /* DanMuView.h in Headers */ = {isa = PBXBuildFile; fileRef = E953FFF3222BB3DD00137F79 /* DanMuView.h */; };
		E96995E42236C90C000BB13C /* AVFoundation.framework in Frameworks */ = {isa = PBXBuildFile; fileRef = E96995E32236C90C000BB13C /* AVFoundation.framework */; };
		E96995E62236C914000BB13C /* CoreGraphics.framework in Frameworks */ = {isa = PBXBuildFile; fileRef = E96995E52236C913000BB13C /* CoreGraphics.framework */; };
		E96995E82236C919000BB13C /* CoreMedia.framework in Frameworks */ = {isa = PBXBuildFile; fileRef = E96995E72236C919000BB13C /* CoreMedia.framework */; };
		E96995EA2236C91F000BB13C /* CoreVideo.framework in Frameworks */ = {isa = PBXBuildFile; fileRef = E96995E92236C91F000BB13C /* CoreVideo.framework */; };
		E96995EC2236C926000BB13C /* libbz2.tbd in Frameworks */ = {isa = PBXBuildFile; fileRef = E96995EB2236C926000BB13C /* libbz2.tbd */; };
		E96995EE2236C92A000BB13C /* libz.tbd in Frameworks */ = {isa = PBXBuildFile; fileRef = E96995ED2236C92A000BB13C /* libz.tbd */; };
		E96995F02236C931000BB13C /* MediaPlayer.framework in Frameworks */ = {isa = PBXBuildFile; fileRef = E96995EF2236C930000BB13C /* MediaPlayer.framework */; };
		E96995F22236C937000BB13C /* MobileCoreServices.framework in Frameworks */ = {isa = PBXBuildFile; fileRef = E96995F12236C937000BB13C /* MobileCoreServices.framework */; };
		E96995F42236C93E000BB13C /* OpenGLES.framework in Frameworks */ = {isa = PBXBuildFile; fileRef = E96995F32236C93E000BB13C /* OpenGLES.framework */; };
		E96995F62236C944000BB13C /* QuartzCore.framework in Frameworks */ = {isa = PBXBuildFile; fileRef = E96995F52236C944000BB13C /* QuartzCore.framework */; };
		E96995F82236C949000BB13C /* UIKit.framework in Frameworks */ = {isa = PBXBuildFile; fileRef = E96995F72236C949000BB13C /* UIKit.framework */; };
		E96995FA2236C94E000BB13C /* VideoToolbox.framework in Frameworks */ = {isa = PBXBuildFile; fileRef = E96995F92236C94E000BB13C /* VideoToolbox.framework */; };
		E96995FC2236C955000BB13C /* libc++.tbd in Frameworks */ = {isa = PBXBuildFile; fileRef = E96995FB2236C955000BB13C /* libc++.tbd */; };
		E96996632237A341000BB13C /* libiconv.tbd in Frameworks */ = {isa = PBXBuildFile; fileRef = E969961B22378454000BB13C /* libiconv.tbd */; };
		E996F963223B4AE500AC233B /* PlayerProtocol.h in Headers */ = {isa = PBXBuildFile; fileRef = E996F962223B4AE400AC233B /* PlayerProtocol.h */; };
		E996F967223B4B8300AC233B /* VideoPlayerViewController.h in Headers */ = {isa = PBXBuildFile; fileRef = E996F965223B4B8300AC233B /* VideoPlayerViewController.h */; };
		E996F968223B4B8300AC233B /* VideoPlayerViewController.m in Sources */ = {isa = PBXBuildFile; fileRef = E996F966223B4B8300AC233B /* VideoPlayerViewController.m */; };
		E996F96B223B4D1E00AC233B /* IJKPlayerImplement.h in Headers */ = {isa = PBXBuildFile; fileRef = E996F969223B4D1E00AC233B /* IJKPlayerImplement.h */; };
		E996F96C223B4D1E00AC233B /* IJKPlayerImplement.m in Sources */ = {isa = PBXBuildFile; fileRef = E996F96A223B4D1E00AC233B /* IJKPlayerImplement.m */; };
		E9A70017223CDFEA0067ECB7 /* InfoPanelViewController.h in Headers */ = {isa = PBXBuildFile; fileRef = E9A70014223CDFEA0067ECB7 /* InfoPanelViewController.h */; };
		E9A70018223CDFEA0067ECB7 /* InfoPanelViewController.m in Sources */ = {isa = PBXBuildFile; fileRef = E9A70015223CDFEA0067ECB7 /* InfoPanelViewController.m */; };
		E9A70019223CDFEA0067ECB7 /* InfoPanelViewController.xib in Resources */ = {isa = PBXBuildFile; fileRef = E9A70016223CDFEA0067ECB7 /* InfoPanelViewController.xib */; };
		E9A7001D223D2A760067ECB7 /* AudioInfoViewController.h in Headers */ = {isa = PBXBuildFile; fileRef = E9A7001A223D2A760067ECB7 /* AudioInfoViewController.h */; };
		E9A7001E223D2A760067ECB7 /* AudioInfoViewController.m in Sources */ = {isa = PBXBuildFile; fileRef = E9A7001B223D2A760067ECB7 /* AudioInfoViewController.m */; };
		E9A7001F223D2A760067ECB7 /* AudioInfoViewController.xib in Resources */ = {isa = PBXBuildFile; fileRef = E9A7001C223D2A760067ECB7 /* AudioInfoViewController.xib */; };
		E9A70023223D39E30067ECB7 /* TopPanelViewController.h in Headers */ = {isa = PBXBuildFile; fileRef = E9A70020223D39E30067ECB7 /* TopPanelViewController.h */; };
		E9A70024223D39E30067ECB7 /* TopPanelViewController.m in Sources */ = {isa = PBXBuildFile; fileRef = E9A70021223D39E30067ECB7 /* TopPanelViewController.m */; };
		E9A70025223D39E30067ECB7 /* TopPanelViewController.xib in Resources */ = {isa = PBXBuildFile; fileRef = E9A70022223D39E30067ECB7 /* TopPanelViewController.xib */; };
		E9A70028223DEB930067ECB7 /* CurrentMediaInfo.h in Headers */ = {isa = PBXBuildFile; fileRef = E9A70026223DEB930067ECB7 /* CurrentMediaInfo.h */; };
		E9A70029223DEB930067ECB7 /* CurrentMediaInfo.m in Sources */ = {isa = PBXBuildFile; fileRef = E9A70027223DEB930067ECB7 /* CurrentMediaInfo.m */; };
		E9A70034223E1F690067ECB7 /* PlayerControlViewController.h in Headers */ = {isa = PBXBuildFile; fileRef = E9A70031223E1F690067ECB7 /* PlayerControlViewController.h */; };
		E9A70035223E1F690067ECB7 /* PlayerControlViewController.m in Sources */ = {isa = PBXBuildFile; fileRef = E9A70032223E1F690067ECB7 /* PlayerControlViewController.m */; };
		E9A70036223E1F690067ECB7 /* PlayerControlViewController.xib in Resources */ = {isa = PBXBuildFile; fileRef = E9A70033223E1F690067ECB7 /* PlayerControlViewController.xib */; };
		E9B3EBBE1FD3A287006EB41C /* AbstractPlayer.h in Headers */ = {isa = PBXBuildFile; fileRef = E9B3EBBC1FD3A287006EB41C /* AbstractPlayer.h */; };
		E9B3EBC41FD3A722006EB41C /* MMVideoSources.h in Headers */ = {isa = PBXBuildFile; fileRef = E9B3EBC21FD3A722006EB41C /* MMVideoSources.h */; };
		E9B3EBC51FD3A722006EB41C /* MMVideoSources.m in Sources */ = {isa = PBXBuildFile; fileRef = E9B3EBC31FD3A722006EB41C /* MMVideoSources.m */; };
		E9B3EBCC1FD3C0D7006EB41C /* LazyCatAVPlayerViewController.m in Sources */ = {isa = PBXBuildFile; fileRef = E9B3EBC71FD3C0D6006EB41C /* LazyCatAVPlayerViewController.m */; };
		E9B3EBCE1FD3C0D7006EB41C /* LazyCatAVPlayerViewController.h in Headers */ = {isa = PBXBuildFile; fileRef = E9B3EBC91FD3C0D6006EB41C /* LazyCatAVPlayerViewController.h */; };
		E9B3EBD31FD3C282006EB41C /* DanMuPlayer.h in Headers */ = {isa = PBXBuildFile; fileRef = E9B3EBD21FD3C281006EB41C /* DanMuPlayer.h */; };
		E9D195121FFF84F60096FCA4 /* DMPlaylist.h in Headers */ = {isa = PBXBuildFile; fileRef = E9D195111FFF84F60096FCA4 /* DMPlaylist.h */; };
		E9D195161FFF85DD0096FCA4 /* DMPlaylist.m in Sources */ = {isa = PBXBuildFile; fileRef = E9D195151FFF85DD0096FCA4 /* DMPlaylist.m */; };
		E9D2810822571390007710E2 /* LeftPanelViewController.h in Headers */ = {isa = PBXBuildFile; fileRef = E9D2810522571390007710E2 /* LeftPanelViewController.h */; };
		E9D2810922571390007710E2 /* LeftPanelViewController.m in Sources */ = {isa = PBXBuildFile; fileRef = E9D2810622571390007710E2 /* LeftPanelViewController.m */; };
		E9D2810A22571390007710E2 /* LeftPanelViewController.xib in Resources */ = {isa = PBXBuildFile; fileRef = E9D2810722571390007710E2 /* LeftPanelViewController.xib */; };
		E9D2810D22571A77007710E2 /* PushLeftRightAnimator.h in Headers */ = {isa = PBXBuildFile; fileRef = E9D2810B22571A77007710E2 /* PushLeftRightAnimator.h */; };
		E9D2810E22571A77007710E2 /* PushLeftRightAnimator.m in Sources */ = {isa = PBXBuildFile; fileRef = E9D2810C22571A77007710E2 /* PushLeftRightAnimator.m */; };
		E9D2811122571C37007710E2 /* PopLeftRightAnimator.h in Headers */ = {isa = PBXBuildFile; fileRef = E9D2810F22571C37007710E2 /* PopLeftRightAnimator.h */; };
		E9D2811222571C37007710E2 /* PopLeftRightAnimator.m in Sources */ = {isa = PBXBuildFile; fileRef = E9D2811022571C37007710E2 /* PopLeftRightAnimator.m */; };
		E9D2811622571FB7007710E2 /* QuickSelectCollectionViewCell.h in Headers */ = {isa = PBXBuildFile; fileRef = E9D2811322571FB7007710E2 /* QuickSelectCollectionViewCell.h */; };
		E9D2811722571FB7007710E2 /* QuickSelectCollectionViewCell.m in Sources */ = {isa = PBXBuildFile; fileRef = E9D2811422571FB7007710E2 /* QuickSelectCollectionViewCell.m */; };
		E9D2811822571FB7007710E2 /* QuickSelectCollectionViewCell.xib in Resources */ = {isa = PBXBuildFile; fileRef = E9D2811522571FB7007710E2 /* QuickSelectCollectionViewCell.xib */; };
		E9D2811B22578DAF007710E2 /* AVPlayerImplement.h in Headers */ = {isa = PBXBuildFile; fileRef = E9D2811922578DAE007710E2 /* AVPlayerImplement.h */; };
		E9D2811C22578DAF007710E2 /* AVPlayerImplement.m in Sources */ = {isa = PBXBuildFile; fileRef = E9D2811A22578DAE007710E2 /* AVPlayerImplement.m */; };
		E9D281252257A288007710E2 /* QuickSelectHeaderViewCollectionReusableView.h in Headers */ = {isa = PBXBuildFile; fileRef = E9D281222257A288007710E2 /* QuickSelectHeaderViewCollectionReusableView.h */; };
		E9D281262257A288007710E2 /* QuickSelectHeaderViewCollectionReusableView.m in Sources */ = {isa = PBXBuildFile; fileRef = E9D281232257A288007710E2 /* QuickSelectHeaderViewCollectionReusableView.m */; };
		E9D281272257A288007710E2 /* QuickSelectHeaderViewCollectionReusableView.xib in Resources */ = {isa = PBXBuildFile; fileRef = E9D281242257A288007710E2 /* QuickSelectHeaderViewCollectionReusableView.xib */; };
		E9D66EB222586A63007466C1 /* ContinuePlayViewController.h in Headers */ = {isa = PBXBuildFile; fileRef = E9D66EAF22586A63007466C1 /* ContinuePlayViewController.h */; };
		E9D66EB322586A63007466C1 /* ContinuePlayViewController.m in Sources */ = {isa = PBXBuildFile; fileRef = E9D66EB022586A63007466C1 /* ContinuePlayViewController.m */; };
		E9D66EB422586A63007466C1 /* ContinuePlayViewController.xib in Resources */ = {isa = PBXBuildFile; fileRef = E9D66EB122586A63007466C1 /* ContinuePlayViewController.xib */; };
		E9E8F961223E2A2500B48D89 /* SelectionCollectionViewCell.h in Headers */ = {isa = PBXBuildFile; fileRef = E9E8F95E223E2A2500B48D89 /* SelectionCollectionViewCell.h */; };
		E9E8F962223E2A2500B48D89 /* SelectionCollectionViewCell.m in Sources */ = {isa = PBXBuildFile; fileRef = E9E8F95F223E2A2500B48D89 /* SelectionCollectionViewCell.m */; };
		E9E8F963223E2A2500B48D89 /* SelectionCollectionViewCell.xib in Resources */ = {isa = PBXBuildFile; fileRef = E9E8F960223E2A2500B48D89 /* SelectionCollectionViewCell.xib */; };
		E9E8F96C223E2FFB00B48D89 /* headerCollectionReusableView.h in Headers */ = {isa = PBXBuildFile; fileRef = E9E8F969223E2FFB00B48D89 /* headerCollectionReusableView.h */; };
		E9E8F96D223E2FFB00B48D89 /* headerCollectionReusableView.m in Sources */ = {isa = PBXBuildFile; fileRef = E9E8F96A223E2FFB00B48D89 /* headerCollectionReusableView.m */; };
		E9E8F96E223E2FFB00B48D89 /* headerCollectionReusableView.xib in Resources */ = {isa = PBXBuildFile; fileRef = E9E8F96B223E2FFB00B48D89 /* headerCollectionReusableView.xib */; };
		E9E8F972223E44F300B48D89 /* EpisodeViewController.h in Headers */ = {isa = PBXBuildFile; fileRef = E9E8F96F223E44F300B48D89 /* EpisodeViewController.h */; };
		E9E8F973223E44F300B48D89 /* EpisodeViewController.m in Sources */ = {isa = PBXBuildFile; fileRef = E9E8F970223E44F300B48D89 /* EpisodeViewController.m */; };
		E9E8F974223E44F300B48D89 /* EpisodeViewController.xib in Resources */ = {isa = PBXBuildFile; fileRef = E9E8F971223E44F300B48D89 /* EpisodeViewController.xib */; };
		E9E8F978223E4AE800B48D89 /* LockupCollectionViewCell.h in Headers */ = {isa = PBXBuildFile; fileRef = E9E8F975223E4AE800B48D89 /* LockupCollectionViewCell.h */; };
		E9E8F979223E4AE800B48D89 /* LockupCollectionViewCell.m in Sources */ = {isa = PBXBuildFile; fileRef = E9E8F976223E4AE800B48D89 /* LockupCollectionViewCell.m */; };
		E9E8F97A223E4AE800B48D89 /* LockupCollectionViewCell.xib in Resources */ = {isa = PBXBuildFile; fileRef = E9E8F977223E4AE800B48D89 /* LockupCollectionViewCell.xib */; };
		E9E8F97C223E4EB900B48D89 /* Assets.xcassets in Resources */ = {isa = PBXBuildFile; fileRef = E9E8F97B223E4EB900B48D89 /* Assets.xcassets */; };
		E9E8F98F223FAEDF00B48D89 /* PanelControlData.h in Headers */ = {isa = PBXBuildFile; fileRef = E9E8F98D223FAEDE00B48D89 /* PanelControlData.h */; };
		E9E8F990223FAEDF00B48D89 /* PanelControlData.m in Sources */ = {isa = PBXBuildFile; fileRef = E9E8F98E223FAEDE00B48D89 /* PanelControlData.m */; };
		E9E8FAAF224154F000B48D89 /* TabBarTransitionAnimator.h in Headers */ = {isa = PBXBuildFile; fileRef = E9E8FAAD224154F000B48D89 /* TabBarTransitionAnimator.h */; };
		E9E8FAB0224154F000B48D89 /* TabBarTransitionAnimator.m in Sources */ = {isa = PBXBuildFile; fileRef = E9E8FAAE224154F000B48D89 /* TabBarTransitionAnimator.m */; };
		E9EA070A22524CDA00E70551 /* archive.a in Frameworks */ = {isa = PBXBuildFile; fileRef = E9EA070922524CD900E70551 /* archive.a */; };
		E9EA070C22524D4700E70551 /* liblzma.tbd in Frameworks */ = {isa = PBXBuildFile; fileRef = E9EA070B22524D4700E70551 /* liblzma.tbd */; };
		E9EA073F2256203800E70551 /* PushDownAnimator.h in Headers */ = {isa = PBXBuildFile; fileRef = E9EA073D2256203800E70551 /* PushDownAnimator.h */; };
		E9EA07402256203800E70551 /* PushDownAnimator.m in Sources */ = {isa = PBXBuildFile; fileRef = E9EA073E2256203800E70551 /* PushDownAnimator.m */; };
		E9EA0743225623BA00E70551 /* PopUPAnimator.h in Headers */ = {isa = PBXBuildFile; fileRef = E9EA0741225623BA00E70551 /* PopUPAnimator.h */; };
		E9EA0744225623BA00E70551 /* PopUPAnimator.m in Sources */ = {isa = PBXBuildFile; fileRef = E9EA0742225623BA00E70551 /* PopUPAnimator.m */; };
/* End PBXBuildFile section */

/* Begin PBXFileReference section */
		E90F09FC1EFA3CF800BC3EAD /* DanMuPlayer.framework */ = {isa = PBXFileReference; explicitFileType = wrapper.framework; includeInIndex = 0; path = DanMuPlayer.framework; sourceTree = BUILT_PRODUCTS_DIR; };
		E90F0A001EFA3CF800BC3EAD /* Info.plist */ = {isa = PBXFileReference; lastKnownFileType = text.plist.xml; path = Info.plist; sourceTree = "<group>"; };
		E90F0A141EFA3F6700BC3EAD /* PlayerViewController.h */ = {isa = PBXFileReference; fileEncoding = 4; lastKnownFileType = sourcecode.c.h; path = PlayerViewController.h; sourceTree = "<group>"; };
		E90F0A151EFA3F6700BC3EAD /* PlayerViewController.m */ = {isa = PBXFileReference; fileEncoding = 4; lastKnownFileType = sourcecode.c.objc; path = PlayerViewController.m; sourceTree = "<group>"; };
		E90F0A161EFA3F6700BC3EAD /* StrokeUILabel.h */ = {isa = PBXFileReference; fileEncoding = 4; lastKnownFileType = sourcecode.c.h; path = StrokeUILabel.h; sourceTree = "<group>"; };
		E90F0A171EFA3F6700BC3EAD /* StrokeUILabel.m */ = {isa = PBXFileReference; fileEncoding = 4; lastKnownFileType = sourcecode.c.objc; path = StrokeUILabel.m; sourceTree = "<group>"; };
		E90F0A181EFA3F6700BC3EAD /* DMPlayer.h */ = {isa = PBXFileReference; fileEncoding = 4; lastKnownFileType = sourcecode.c.h; path = DMPlayer.h; sourceTree = "<group>"; };
		E90F0A191EFA3F6700BC3EAD /* DMPlayer.m */ = {isa = PBXFileReference; fileEncoding = 4; lastKnownFileType = sourcecode.c.objc; path = DMPlayer.m; sourceTree = "<group>"; };
		E90F0A1A1EFA3F6700BC3EAD /* SiriRemoteGestureRecognizer.m */ = {isa = PBXFileReference; fileEncoding = 4; lastKnownFileType = sourcecode.c.objc; path = SiriRemoteGestureRecognizer.m; sourceTree = "<group>"; };
		E90F0A1B1EFA3F6700BC3EAD /* SiriRemoteGestureRecognizer.h */ = {isa = PBXFileReference; fileEncoding = 4; lastKnownFileType = sourcecode.c.h; path = SiriRemoteGestureRecognizer.h; sourceTree = "<group>"; };
		E90F0A1C1EFA3F6700BC3EAD /* DanMuLayer.h */ = {isa = PBXFileReference; fileEncoding = 4; lastKnownFileType = sourcecode.c.h; path = DanMuLayer.h; sourceTree = "<group>"; };
		E90F0A1D1EFA3F6700BC3EAD /* DanMuLayer.m */ = {isa = PBXFileReference; fileEncoding = 4; lastKnownFileType = sourcecode.c.objc; path = DanMuLayer.m; sourceTree = "<group>"; };
		E9201B1B22429D08007FA8BA /* IJKMediaFrameworkWithSSL.framework */ = {isa = PBXFileReference; lastKnownFileType = wrapper.framework; name = IJKMediaFrameworkWithSSL.framework; path = DanMuPlayer/dependency/IJKMediaFrameworkWithSSL.framework; sourceTree = "<group>"; };
		E9309EA6224A566D00CDB526 /* MPVPlayerImplement.h */ = {isa = PBXFileReference; lastKnownFileType = sourcecode.c.h; path = MPVPlayerImplement.h; sourceTree = "<group>"; };
		E9309EA7224A566D00CDB526 /* MPVPlayerImplement.m */ = {isa = PBXFileReference; lastKnownFileType = sourcecode.c.objc; path = MPVPlayerImplement.m; sourceTree = "<group>"; };
		E9309EAA224B701B00CDB526 /* libwbclient.a */ = {isa = PBXFileReference; lastKnownFileType = archive.ar; name = libwbclient.a; path = dependency/mpv/lib/libwbclient.a; sourceTree = "<group>"; };
		E9309EAB224B701B00CDB526 /* libtevent.a */ = {isa = PBXFileReference; lastKnownFileType = archive.ar; name = libtevent.a; path = dependency/mpv/lib/libtevent.a; sourceTree = "<group>"; };
		E9309EAC224B701B00CDB526 /* libtdb.a */ = {isa = PBXFileReference; lastKnownFileType = archive.ar; name = libtdb.a; path = dependency/mpv/lib/libtdb.a; sourceTree = "<group>"; };
		E9309EAD224B701B00CDB526 /* libsmbclient.a */ = {isa = PBXFileReference; lastKnownFileType = archive.ar; name = libsmbclient.a; path = dependency/mpv/lib/libsmbclient.a; sourceTree = "<group>"; };
		E9309EAE224B701B00CDB526 /* libtalloc.a */ = {isa = PBXFileReference; lastKnownFileType = archive.ar; name = libtalloc.a; path = dependency/mpv/lib/libtalloc.a; sourceTree = "<group>"; };
		E9309EB4224B702800CDB526 /* libresolv.tbd */ = {isa = PBXFileReference; lastKnownFileType = "sourcecode.text-based-dylib-definition"; name = libresolv.tbd; path = usr/lib/libresolv.tbd; sourceTree = SDKROOT; };
		E9309EB6224B8F5700CDB526 /* ass.a */ = {isa = PBXFileReference; lastKnownFileType = archive.ar; name = ass.a; path = dependency/mpv/lib/ass.a; sourceTree = "<group>"; };
		E9309EB8224B8F7D00CDB526 /* freetype.a */ = {isa = PBXFileReference; lastKnownFileType = archive.ar; name = freetype.a; path = dependency/mpv/lib/freetype.a; sourceTree = "<group>"; };
		E9309EBA224B8FC800CDB526 /* uuid.a */ = {isa = PBXFileReference; lastKnownFileType = archive.ar; name = uuid.a; path = dependency/mpv/lib/uuid.a; sourceTree = "<group>"; };
		E9309EBB224B8FC800CDB526 /* expat.a */ = {isa = PBXFileReference; lastKnownFileType = archive.ar; name = expat.a; path = dependency/mpv/lib/expat.a; sourceTree = "<group>"; };
		E9309EBC224B8FC800CDB526 /* fribidi.a */ = {isa = PBXFileReference; lastKnownFileType = archive.ar; name = fribidi.a; path = dependency/mpv/lib/fribidi.a; sourceTree = "<group>"; };
		E9309EBD224B8FC800CDB526 /* fontconfig.a */ = {isa = PBXFileReference; lastKnownFileType = archive.ar; name = fontconfig.a; path = dependency/mpv/lib/fontconfig.a; sourceTree = "<group>"; };
		E9309EBE224B8FC800CDB526 /* png.a */ = {isa = PBXFileReference; lastKnownFileType = archive.ar; name = png.a; path = dependency/mpv/lib/png.a; sourceTree = "<group>"; };
		E9309EBF224B8FC800CDB526 /* png16.a */ = {isa = PBXFileReference; lastKnownFileType = archive.ar; name = png16.a; path = dependency/mpv/lib/png16.a; sourceTree = "<group>"; };
		E9309EC8224CCBD500CDB526 /* uchardet.a */ = {isa = PBXFileReference; lastKnownFileType = archive.ar; name = uchardet.a; path = dependency/mpv/lib/uchardet.a; sourceTree = "<group>"; };
		E9309ECF224E21BB00CDB526 /* harfbuzz-subset.a */ = {isa = PBXFileReference; lastKnownFileType = archive.ar; name = "harfbuzz-subset.a"; path = "dependency/mpv/lib/harfbuzz-subset.a"; sourceTree = "<group>"; };
		E9309ED0224E21BB00CDB526 /* harfbuzz.a */ = {isa = PBXFileReference; lastKnownFileType = archive.ar; name = harfbuzz.a; path = dependency/mpv/lib/harfbuzz.a; sourceTree = "<group>"; };
		E9309ED3224E561A00CDB526 /* bluray.a */ = {isa = PBXFileReference; lastKnownFileType = archive.ar; name = bluray.a; path = dependency/mpv/lib/bluray.a; sourceTree = "<group>"; };
		E9309ED5224E562800CDB526 /* libxml2.tbd */ = {isa = PBXFileReference; lastKnownFileType = "sourcecode.text-based-dylib-definition"; name = libxml2.tbd; path = usr/lib/libxml2.tbd; sourceTree = SDKROOT; };
		E9309EF8225078AF00CDB526 /* libtasn1.a */ = {isa = PBXFileReference; lastKnownFileType = archive.ar; name = libtasn1.a; path = ../dependency/libdsm/universal/libtasn1.a; sourceTree = "<group>"; };
		E9309EF9225078AF00CDB526 /* libdsm.a */ = {isa = PBXFileReference; lastKnownFileType = archive.ar; name = libdsm.a; path = ../dependency/libdsm/universal/libdsm.a; sourceTree = "<group>"; };
		E9309EFC2250790800CDB526 /* libtasn1.a */ = {isa = PBXFileReference; lastKnownFileType = archive.ar; name = libtasn1.a; path = dependency/mpv/lib/libtasn1.a; sourceTree = "<group>"; };
		E9309EFD2250790800CDB526 /* libdsm.a */ = {isa = PBXFileReference; lastKnownFileType = archive.ar; name = libdsm.a; path = dependency/mpv/lib/libdsm.a; sourceTree = "<group>"; };
		E94385FD2249D0A7004E62A7 /* libmpv.a */ = {isa = PBXFileReference; lastKnownFileType = archive.ar; name = libmpv.a; path = dependency/mpv/lib/libmpv.a; sourceTree = "<group>"; };
		E94386012249D20E004E62A7 /* libavfilter.a */ = {isa = PBXFileReference; lastKnownFileType = archive.ar; name = libavfilter.a; path = ijkplayer/ios/build/universal/lib/libavfilter.a; sourceTree = "<group>"; };
		E94386022249D20E004E62A7 /* libswresample.a */ = {isa = PBXFileReference; lastKnownFileType = archive.ar; name = libswresample.a; path = ijkplayer/ios/build/universal/lib/libswresample.a; sourceTree = "<group>"; };
		E94386032249D20E004E62A7 /* libavformat.a */ = {isa = PBXFileReference; lastKnownFileType = archive.ar; name = libavformat.a; path = ijkplayer/ios/build/universal/lib/libavformat.a; sourceTree = "<group>"; };
		E94386042249D20E004E62A7 /* libavcodec.a */ = {isa = PBXFileReference; lastKnownFileType = archive.ar; name = libavcodec.a; path = ijkplayer/ios/build/universal/lib/libavcodec.a; sourceTree = "<group>"; };
		E94386052249D20E004E62A7 /* libavutil.a */ = {isa = PBXFileReference; lastKnownFileType = archive.ar; name = libavutil.a; path = ijkplayer/ios/build/universal/lib/libavutil.a; sourceTree = "<group>"; };
		E94386062249D20E004E62A7 /* libssl.a */ = {isa = PBXFileReference; lastKnownFileType = archive.ar; name = libssl.a; path = ijkplayer/ios/build/universal/lib/libssl.a; sourceTree = "<group>"; };
		E94386072249D20E004E62A7 /* libswscale.a */ = {isa = PBXFileReference; lastKnownFileType = archive.ar; name = libswscale.a; path = ijkplayer/ios/build/universal/lib/libswscale.a; sourceTree = "<group>"; };
		E94386082249D20F004E62A7 /* libcrypto.a */ = {isa = PBXFileReference; lastKnownFileType = archive.ar; name = libcrypto.a; path = ijkplayer/ios/build/universal/lib/libcrypto.a; sourceTree = "<group>"; };
		E94F95A12258F51600C9E41C /* RightPanelViewController.h */ = {isa = PBXFileReference; lastKnownFileType = sourcecode.c.h; path = RightPanelViewController.h; sourceTree = "<group>"; };
		E94F95A22258F51600C9E41C /* RightPanelViewController.m */ = {isa = PBXFileReference; lastKnownFileType = sourcecode.c.objc; path = RightPanelViewController.m; sourceTree = "<group>"; };
		E94F95A32258F51600C9E41C /* RightPanelViewController.xib */ = {isa = PBXFileReference; lastKnownFileType = file.xib; path = RightPanelViewController.xib; sourceTree = "<group>"; };
		E94F95A72258F68400C9E41C /* RightPanelCollectionViewCell.h */ = {isa = PBXFileReference; lastKnownFileType = sourcecode.c.h; path = RightPanelCollectionViewCell.h; sourceTree = "<group>"; };
		E94F95A82258F68400C9E41C /* RightPanelCollectionViewCell.m */ = {isa = PBXFileReference; lastKnownFileType = sourcecode.c.objc; path = RightPanelCollectionViewCell.m; sourceTree = "<group>"; };
		E94F95A92258F68400C9E41C /* RightPanelCollectionViewCell.xib */ = {isa = PBXFileReference; lastKnownFileType = file.xib; path = RightPanelCollectionViewCell.xib; sourceTree = "<group>"; };
		E953012D223274AF00137F79 /* CustomResourceLoader.m */ = {isa = PBXFileReference; fileEncoding = 4; lastKnownFileType = sourcecode.c.objc; path = CustomResourceLoader.m; sourceTree = "<group>"; };
		E953012E223274B000137F79 /* CustomResourceLoader.h */ = {isa = PBXFileReference; fileEncoding = 4; lastKnownFileType = sourcecode.c.h; path = CustomResourceLoader.h; sourceTree = "<group>"; };
		E953FFF0222BB3DC00137F79 /* DanMuView.m */ = {isa = PBXFileReference; fileEncoding = 4; lastKnownFileType = sourcecode.c.objc; path = DanMuView.m; sourceTree = "<group>"; };
		E953FFF3222BB3DD00137F79 /* DanMuView.h */ = {isa = PBXFileReference; fileEncoding = 4; lastKnownFileType = sourcecode.c.h; path = DanMuView.h; sourceTree = "<group>"; };
		E959D3AE20A3041F0079E653 /* MPVPlayerViewController.h */ = {isa = PBXFileReference; lastKnownFileType = sourcecode.c.h; path = MPVPlayerViewController.h; sourceTree = "<group>"; };
		E959D3AF20A3041F0079E653 /* MPVPlayerViewController.m */ = {isa = PBXFileReference; lastKnownFileType = sourcecode.c.objc; path = MPVPlayerViewController.m; sourceTree = "<group>"; };
		E96995E32236C90C000BB13C /* AVFoundation.framework */ = {isa = PBXFileReference; lastKnownFileType = wrapper.framework; name = AVFoundation.framework; path = System/Library/Frameworks/AVFoundation.framework; sourceTree = SDKROOT; };
		E96995E52236C913000BB13C /* CoreGraphics.framework */ = {isa = PBXFileReference; lastKnownFileType = wrapper.framework; name = CoreGraphics.framework; path = System/Library/Frameworks/CoreGraphics.framework; sourceTree = SDKROOT; };
		E96995E72236C919000BB13C /* CoreMedia.framework */ = {isa = PBXFileReference; lastKnownFileType = wrapper.framework; name = CoreMedia.framework; path = System/Library/Frameworks/CoreMedia.framework; sourceTree = SDKROOT; };
		E96995E92236C91F000BB13C /* CoreVideo.framework */ = {isa = PBXFileReference; lastKnownFileType = wrapper.framework; name = CoreVideo.framework; path = System/Library/Frameworks/CoreVideo.framework; sourceTree = SDKROOT; };
		E96995EB2236C926000BB13C /* libbz2.tbd */ = {isa = PBXFileReference; lastKnownFileType = "sourcecode.text-based-dylib-definition"; name = libbz2.tbd; path = usr/lib/libbz2.tbd; sourceTree = SDKROOT; };
		E96995ED2236C92A000BB13C /* libz.tbd */ = {isa = PBXFileReference; lastKnownFileType = "sourcecode.text-based-dylib-definition"; name = libz.tbd; path = usr/lib/libz.tbd; sourceTree = SDKROOT; };
		E96995EF2236C930000BB13C /* MediaPlayer.framework */ = {isa = PBXFileReference; lastKnownFileType = wrapper.framework; name = MediaPlayer.framework; path = System/Library/Frameworks/MediaPlayer.framework; sourceTree = SDKROOT; };
		E96995F12236C937000BB13C /* MobileCoreServices.framework */ = {isa = PBXFileReference; lastKnownFileType = wrapper.framework; name = MobileCoreServices.framework; path = System/Library/Frameworks/MobileCoreServices.framework; sourceTree = SDKROOT; };
		E96995F32236C93E000BB13C /* OpenGLES.framework */ = {isa = PBXFileReference; lastKnownFileType = wrapper.framework; name = OpenGLES.framework; path = System/Library/Frameworks/OpenGLES.framework; sourceTree = SDKROOT; };
		E96995F52236C944000BB13C /* QuartzCore.framework */ = {isa = PBXFileReference; lastKnownFileType = wrapper.framework; name = QuartzCore.framework; path = System/Library/Frameworks/QuartzCore.framework; sourceTree = SDKROOT; };
		E96995F72236C949000BB13C /* UIKit.framework */ = {isa = PBXFileReference; lastKnownFileType = wrapper.framework; name = UIKit.framework; path = System/Library/Frameworks/UIKit.framework; sourceTree = SDKROOT; };
		E96995F92236C94E000BB13C /* VideoToolbox.framework */ = {isa = PBXFileReference; lastKnownFileType = wrapper.framework; name = VideoToolbox.framework; path = System/Library/Frameworks/VideoToolbox.framework; sourceTree = SDKROOT; };
		E96995FB2236C955000BB13C /* libc++.tbd */ = {isa = PBXFileReference; lastKnownFileType = "sourcecode.text-based-dylib-definition"; name = "libc++.tbd"; path = "usr/lib/libc++.tbd"; sourceTree = SDKROOT; };
		E969961B22378454000BB13C /* libiconv.tbd */ = {isa = PBXFileReference; lastKnownFileType = "sourcecode.text-based-dylib-definition"; name = libiconv.tbd; path = usr/lib/libiconv.tbd; sourceTree = SDKROOT; };
		E996F91A2238D16000AC233B /* IJKMediaFrameworkWithSSL.framework */ = {isa = PBXFileReference; lastKnownFileType = wrapper.framework; name = IJKMediaFrameworkWithSSL.framework; path = "../../../../../Library/Developer/Xcode/DerivedData/LazyCat-gnyinqjrlbbcdudzybiphletcqde/Build/Products/Debug-appletvos/IJKMediaFrameworkWithSSL.framework"; sourceTree = "<group>"; };
		E996F962223B4AE400AC233B /* PlayerProtocol.h */ = {isa = PBXFileReference; fileEncoding = 4; lastKnownFileType = sourcecode.c.h; path = PlayerProtocol.h; sourceTree = "<group>"; };
		E996F965223B4B8300AC233B /* VideoPlayerViewController.h */ = {isa = PBXFileReference; lastKnownFileType = sourcecode.c.h; path = VideoPlayerViewController.h; sourceTree = "<group>"; };
		E996F966223B4B8300AC233B /* VideoPlayerViewController.m */ = {isa = PBXFileReference; lastKnownFileType = sourcecode.c.objc; path = VideoPlayerViewController.m; sourceTree = "<group>"; };
		E996F969223B4D1E00AC233B /* IJKPlayerImplement.h */ = {isa = PBXFileReference; lastKnownFileType = sourcecode.c.h; path = IJKPlayerImplement.h; sourceTree = "<group>"; };
		E996F96A223B4D1E00AC233B /* IJKPlayerImplement.m */ = {isa = PBXFileReference; lastKnownFileType = sourcecode.c.objc; path = IJKPlayerImplement.m; sourceTree = "<group>"; };
		E9A70014223CDFEA0067ECB7 /* InfoPanelViewController.h */ = {isa = PBXFileReference; lastKnownFileType = sourcecode.c.h; path = InfoPanelViewController.h; sourceTree = "<group>"; };
		E9A70015223CDFEA0067ECB7 /* InfoPanelViewController.m */ = {isa = PBXFileReference; lastKnownFileType = sourcecode.c.objc; path = InfoPanelViewController.m; sourceTree = "<group>"; };
		E9A70016223CDFEA0067ECB7 /* InfoPanelViewController.xib */ = {isa = PBXFileReference; lastKnownFileType = file.xib; path = InfoPanelViewController.xib; sourceTree = "<group>"; };
		E9A7001A223D2A760067ECB7 /* AudioInfoViewController.h */ = {isa = PBXFileReference; lastKnownFileType = sourcecode.c.h; path = AudioInfoViewController.h; sourceTree = "<group>"; };
		E9A7001B223D2A760067ECB7 /* AudioInfoViewController.m */ = {isa = PBXFileReference; lastKnownFileType = sourcecode.c.objc; path = AudioInfoViewController.m; sourceTree = "<group>"; };
		E9A7001C223D2A760067ECB7 /* AudioInfoViewController.xib */ = {isa = PBXFileReference; lastKnownFileType = file.xib; path = AudioInfoViewController.xib; sourceTree = "<group>"; };
		E9A70020223D39E30067ECB7 /* TopPanelViewController.h */ = {isa = PBXFileReference; lastKnownFileType = sourcecode.c.h; path = TopPanelViewController.h; sourceTree = "<group>"; };
		E9A70021223D39E30067ECB7 /* TopPanelViewController.m */ = {isa = PBXFileReference; lastKnownFileType = sourcecode.c.objc; path = TopPanelViewController.m; sourceTree = "<group>"; };
		E9A70022223D39E30067ECB7 /* TopPanelViewController.xib */ = {isa = PBXFileReference; lastKnownFileType = file.xib; path = TopPanelViewController.xib; sourceTree = "<group>"; };
		E9A70026223DEB930067ECB7 /* CurrentMediaInfo.h */ = {isa = PBXFileReference; lastKnownFileType = sourcecode.c.h; path = CurrentMediaInfo.h; sourceTree = "<group>"; };
		E9A70027223DEB930067ECB7 /* CurrentMediaInfo.m */ = {isa = PBXFileReference; lastKnownFileType = sourcecode.c.objc; path = CurrentMediaInfo.m; sourceTree = "<group>"; };
		E9A70031223E1F690067ECB7 /* PlayerControlViewController.h */ = {isa = PBXFileReference; lastKnownFileType = sourcecode.c.h; path = PlayerControlViewController.h; sourceTree = "<group>"; };
		E9A70032223E1F690067ECB7 /* PlayerControlViewController.m */ = {isa = PBXFileReference; lastKnownFileType = sourcecode.c.objc; path = PlayerControlViewController.m; sourceTree = "<group>"; };
		E9A70033223E1F690067ECB7 /* PlayerControlViewController.xib */ = {isa = PBXFileReference; lastKnownFileType = file.xib; path = PlayerControlViewController.xib; sourceTree = "<group>"; };
		E9B3EBBC1FD3A287006EB41C /* AbstractPlayer.h */ = {isa = PBXFileReference; lastKnownFileType = sourcecode.c.h; path = AbstractPlayer.h; sourceTree = "<group>"; };
		E9B3EBC21FD3A722006EB41C /* MMVideoSources.h */ = {isa = PBXFileReference; lastKnownFileType = sourcecode.c.h; path = MMVideoSources.h; sourceTree = "<group>"; };
		E9B3EBC31FD3A722006EB41C /* MMVideoSources.m */ = {isa = PBXFileReference; lastKnownFileType = sourcecode.c.objc; path = MMVideoSources.m; sourceTree = "<group>"; };
		E9B3EBC71FD3C0D6006EB41C /* LazyCatAVPlayerViewController.m */ = {isa = PBXFileReference; fileEncoding = 4; lastKnownFileType = sourcecode.c.objc; path = LazyCatAVPlayerViewController.m; sourceTree = "<group>"; };
		E9B3EBC91FD3C0D6006EB41C /* LazyCatAVPlayerViewController.h */ = {isa = PBXFileReference; fileEncoding = 4; lastKnownFileType = sourcecode.c.h; path = LazyCatAVPlayerViewController.h; sourceTree = "<group>"; };
		E9B3EBD21FD3C281006EB41C /* DanMuPlayer.h */ = {isa = PBXFileReference; fileEncoding = 4; lastKnownFileType = sourcecode.c.h; path = DanMuPlayer.h; sourceTree = "<group>"; };
		E9D195111FFF84F60096FCA4 /* DMPlaylist.h */ = {isa = PBXFileReference; lastKnownFileType = sourcecode.c.h; path = DMPlaylist.h; sourceTree = "<group>"; };
		E9D195151FFF85DD0096FCA4 /* DMPlaylist.m */ = {isa = PBXFileReference; lastKnownFileType = sourcecode.c.objc; path = DMPlaylist.m; sourceTree = "<group>"; };
		E9D2810522571390007710E2 /* LeftPanelViewController.h */ = {isa = PBXFileReference; lastKnownFileType = sourcecode.c.h; path = LeftPanelViewController.h; sourceTree = "<group>"; };
		E9D2810622571390007710E2 /* LeftPanelViewController.m */ = {isa = PBXFileReference; lastKnownFileType = sourcecode.c.objc; path = LeftPanelViewController.m; sourceTree = "<group>"; };
		E9D2810722571390007710E2 /* LeftPanelViewController.xib */ = {isa = PBXFileReference; lastKnownFileType = file.xib; path = LeftPanelViewController.xib; sourceTree = "<group>"; };
		E9D2810B22571A77007710E2 /* PushLeftRightAnimator.h */ = {isa = PBXFileReference; lastKnownFileType = sourcecode.c.h; path = PushLeftRightAnimator.h; sourceTree = "<group>"; };
		E9D2810C22571A77007710E2 /* PushLeftRightAnimator.m */ = {isa = PBXFileReference; lastKnownFileType = sourcecode.c.objc; path = PushLeftRightAnimator.m; sourceTree = "<group>"; };
		E9D2810F22571C37007710E2 /* PopLeftRightAnimator.h */ = {isa = PBXFileReference; lastKnownFileType = sourcecode.c.h; path = PopLeftRightAnimator.h; sourceTree = "<group>"; };
		E9D2811022571C37007710E2 /* PopLeftRightAnimator.m */ = {isa = PBXFileReference; lastKnownFileType = sourcecode.c.objc; path = PopLeftRightAnimator.m; sourceTree = "<group>"; };
		E9D2811322571FB7007710E2 /* QuickSelectCollectionViewCell.h */ = {isa = PBXFileReference; lastKnownFileType = sourcecode.c.h; path = QuickSelectCollectionViewCell.h; sourceTree = "<group>"; };
		E9D2811422571FB7007710E2 /* QuickSelectCollectionViewCell.m */ = {isa = PBXFileReference; lastKnownFileType = sourcecode.c.objc; path = QuickSelectCollectionViewCell.m; sourceTree = "<group>"; };
		E9D2811522571FB7007710E2 /* QuickSelectCollectionViewCell.xib */ = {isa = PBXFileReference; lastKnownFileType = file.xib; path = QuickSelectCollectionViewCell.xib; sourceTree = "<group>"; };
		E9D2811922578DAE007710E2 /* AVPlayerImplement.h */ = {isa = PBXFileReference; lastKnownFileType = sourcecode.c.h; path = AVPlayerImplement.h; sourceTree = "<group>"; };
		E9D2811A22578DAE007710E2 /* AVPlayerImplement.m */ = {isa = PBXFileReference; lastKnownFileType = sourcecode.c.objc; path = AVPlayerImplement.m; sourceTree = "<group>"; };
		E9D281222257A288007710E2 /* QuickSelectHeaderViewCollectionReusableView.h */ = {isa = PBXFileReference; lastKnownFileType = sourcecode.c.h; path = QuickSelectHeaderViewCollectionReusableView.h; sourceTree = "<group>"; };
		E9D281232257A288007710E2 /* QuickSelectHeaderViewCollectionReusableView.m */ = {isa = PBXFileReference; lastKnownFileType = sourcecode.c.objc; path = QuickSelectHeaderViewCollectionReusableView.m; sourceTree = "<group>"; };
		E9D281242257A288007710E2 /* QuickSelectHeaderViewCollectionReusableView.xib */ = {isa = PBXFileReference; lastKnownFileType = file.xib; path = QuickSelectHeaderViewCollectionReusableView.xib; sourceTree = "<group>"; };
		E9D66EAF22586A63007466C1 /* ContinuePlayViewController.h */ = {isa = PBXFileReference; lastKnownFileType = sourcecode.c.h; path = ContinuePlayViewController.h; sourceTree = "<group>"; };
		E9D66EB022586A63007466C1 /* ContinuePlayViewController.m */ = {isa = PBXFileReference; lastKnownFileType = sourcecode.c.objc; path = ContinuePlayViewController.m; sourceTree = "<group>"; };
		E9D66EB122586A63007466C1 /* ContinuePlayViewController.xib */ = {isa = PBXFileReference; lastKnownFileType = file.xib; path = ContinuePlayViewController.xib; sourceTree = "<group>"; };
		E9E8F95E223E2A2500B48D89 /* SelectionCollectionViewCell.h */ = {isa = PBXFileReference; lastKnownFileType = sourcecode.c.h; path = SelectionCollectionViewCell.h; sourceTree = "<group>"; };
		E9E8F95F223E2A2500B48D89 /* SelectionCollectionViewCell.m */ = {isa = PBXFileReference; lastKnownFileType = sourcecode.c.objc; path = SelectionCollectionViewCell.m; sourceTree = "<group>"; };
		E9E8F960223E2A2500B48D89 /* SelectionCollectionViewCell.xib */ = {isa = PBXFileReference; lastKnownFileType = file.xib; path = SelectionCollectionViewCell.xib; sourceTree = "<group>"; };
		E9E8F969223E2FFB00B48D89 /* headerCollectionReusableView.h */ = {isa = PBXFileReference; lastKnownFileType = sourcecode.c.h; path = headerCollectionReusableView.h; sourceTree = "<group>"; };
		E9E8F96A223E2FFB00B48D89 /* headerCollectionReusableView.m */ = {isa = PBXFileReference; lastKnownFileType = sourcecode.c.objc; path = headerCollectionReusableView.m; sourceTree = "<group>"; };
		E9E8F96B223E2FFB00B48D89 /* headerCollectionReusableView.xib */ = {isa = PBXFileReference; lastKnownFileType = file.xib; path = headerCollectionReusableView.xib; sourceTree = "<group>"; };
		E9E8F96F223E44F300B48D89 /* EpisodeViewController.h */ = {isa = PBXFileReference; lastKnownFileType = sourcecode.c.h; path = EpisodeViewController.h; sourceTree = "<group>"; };
		E9E8F970223E44F300B48D89 /* EpisodeViewController.m */ = {isa = PBXFileReference; lastKnownFileType = sourcecode.c.objc; path = EpisodeViewController.m; sourceTree = "<group>"; };
		E9E8F971223E44F300B48D89 /* EpisodeViewController.xib */ = {isa = PBXFileReference; lastKnownFileType = file.xib; path = EpisodeViewController.xib; sourceTree = "<group>"; };
		E9E8F975223E4AE800B48D89 /* LockupCollectionViewCell.h */ = {isa = PBXFileReference; lastKnownFileType = sourcecode.c.h; path = LockupCollectionViewCell.h; sourceTree = "<group>"; };
		E9E8F976223E4AE800B48D89 /* LockupCollectionViewCell.m */ = {isa = PBXFileReference; lastKnownFileType = sourcecode.c.objc; path = LockupCollectionViewCell.m; sourceTree = "<group>"; };
		E9E8F977223E4AE800B48D89 /* LockupCollectionViewCell.xib */ = {isa = PBXFileReference; lastKnownFileType = file.xib; path = LockupCollectionViewCell.xib; sourceTree = "<group>"; };
		E9E8F97B223E4EB900B48D89 /* Assets.xcassets */ = {isa = PBXFileReference; lastKnownFileType = folder.assetcatalog; path = Assets.xcassets; sourceTree = "<group>"; };
		E9E8F98C223FA4F400B48D89 /* PanelControlProtocol.h */ = {isa = PBXFileReference; lastKnownFileType = sourcecode.c.h; path = PanelControlProtocol.h; sourceTree = "<group>"; };
		E9E8F98D223FAEDE00B48D89 /* PanelControlData.h */ = {isa = PBXFileReference; lastKnownFileType = sourcecode.c.h; path = PanelControlData.h; sourceTree = "<group>"; };
		E9E8F98E223FAEDE00B48D89 /* PanelControlData.m */ = {isa = PBXFileReference; lastKnownFileType = sourcecode.c.objc; path = PanelControlData.m; sourceTree = "<group>"; };
		E9E8FAAD224154F000B48D89 /* TabBarTransitionAnimator.h */ = {isa = PBXFileReference; lastKnownFileType = sourcecode.c.h; path = TabBarTransitionAnimator.h; sourceTree = "<group>"; };
		E9E8FAAE224154F000B48D89 /* TabBarTransitionAnimator.m */ = {isa = PBXFileReference; lastKnownFileType = sourcecode.c.objc; path = TabBarTransitionAnimator.m; sourceTree = "<group>"; };
		E9E8FAB322415C3F00B48D89 /* TabAnimationVCProtocol.h */ = {isa = PBXFileReference; lastKnownFileType = sourcecode.c.h; path = TabAnimationVCProtocol.h; sourceTree = "<group>"; };
		E9EA070922524CD900E70551 /* archive.a */ = {isa = PBXFileReference; lastKnownFileType = archive.ar; name = archive.a; path = dependency/mpv/lib/archive.a; sourceTree = "<group>"; };
		E9EA070B22524D4700E70551 /* liblzma.tbd */ = {isa = PBXFileReference; lastKnownFileType = "sourcecode.text-based-dylib-definition"; name = liblzma.tbd; path = usr/lib/liblzma.tbd; sourceTree = SDKROOT; };
		E9EA073D2256203800E70551 /* PushDownAnimator.h */ = {isa = PBXFileReference; lastKnownFileType = sourcecode.c.h; path = PushDownAnimator.h; sourceTree = "<group>"; };
		E9EA073E2256203800E70551 /* PushDownAnimator.m */ = {isa = PBXFileReference; lastKnownFileType = sourcecode.c.objc; path = PushDownAnimator.m; sourceTree = "<group>"; };
		E9EA0741225623BA00E70551 /* PopUPAnimator.h */ = {isa = PBXFileReference; lastKnownFileType = sourcecode.c.h; path = PopUPAnimator.h; sourceTree = "<group>"; };
		E9EA0742225623BA00E70551 /* PopUPAnimator.m */ = {isa = PBXFileReference; lastKnownFileType = sourcecode.c.objc; path = PopUPAnimator.m; sourceTree = "<group>"; };
/* End PBXFileReference section */

/* Begin PBXFrameworksBuildPhase section */
		E90F09F81EFA3CF800BC3EAD /* Frameworks */ = {
			isa = PBXFrameworksBuildPhase;
			buildActionMask = 2147483647;
			files = (
				E9EA070C22524D4700E70551 /* liblzma.tbd in Frameworks */,
				E9EA070A22524CDA00E70551 /* archive.a in Frameworks */,
				E9309F032250F5A100CDB526 /* libdsm.a in Frameworks */,
				E9309EFE2250790800CDB526 /* libtasn1.a in Frameworks */,
				E9309F022250F33000CDB526 /* libxml2.tbd in Frameworks */,
				E9309EC1224B8FC800CDB526 /* expat.a in Frameworks */,
				E9309ED4224E561A00CDB526 /* bluray.a in Frameworks */,
				E9309ED1224E21BB00CDB526 /* harfbuzz-subset.a in Frameworks */,
				E9309ED2224E21BB00CDB526 /* harfbuzz.a in Frameworks */,
				E9309ECE224DF56400CDB526 /* fribidi.a in Frameworks */,
				E9309EC9224CCBD500CDB526 /* uchardet.a in Frameworks */,
				E9309EC0224B8FC800CDB526 /* uuid.a in Frameworks */,
				E9309EC3224B8FC800CDB526 /* fontconfig.a in Frameworks */,
				E9309EC4224B8FC800CDB526 /* png.a in Frameworks */,
				E9309EC5224B8FC800CDB526 /* png16.a in Frameworks */,
				E9309EB9224B8F7D00CDB526 /* freetype.a in Frameworks */,
				E9309EB7224B8F5700CDB526 /* ass.a in Frameworks */,
				E9309EB5224B702800CDB526 /* libresolv.tbd in Frameworks */,
				E9309EAF224B701B00CDB526 /* libwbclient.a in Frameworks */,
				E94386092249D20F004E62A7 /* libavfilter.a in Frameworks */,
				E943860A2249D20F004E62A7 /* libswresample.a in Frameworks */,
				E943860B2249D20F004E62A7 /* libavformat.a in Frameworks */,
				E943860C2249D20F004E62A7 /* libavcodec.a in Frameworks */,
				E943860D2249D20F004E62A7 /* libavutil.a in Frameworks */,
				E943860E2249D20F004E62A7 /* libssl.a in Frameworks */,
				E943860F2249D20F004E62A7 /* libswscale.a in Frameworks */,
				E94386102249D20F004E62A7 /* libcrypto.a in Frameworks */,
				E94385FE2249D0A8004E62A7 /* libmpv.a in Frameworks */,
				E9201B3522429D95007FA8BA /* IJKMediaFrameworkWithSSL.framework in Frameworks */,
				E96996632237A341000BB13C /* libiconv.tbd in Frameworks */,
				E96995FC2236C955000BB13C /* libc++.tbd in Frameworks */,
				E96995FA2236C94E000BB13C /* VideoToolbox.framework in Frameworks */,
				E96995F82236C949000BB13C /* UIKit.framework in Frameworks */,
				E96995F62236C944000BB13C /* QuartzCore.framework in Frameworks */,
				E96995F42236C93E000BB13C /* OpenGLES.framework in Frameworks */,
				E96995F22236C937000BB13C /* MobileCoreServices.framework in Frameworks */,
				E96995F02236C931000BB13C /* MediaPlayer.framework in Frameworks */,
				E96995EE2236C92A000BB13C /* libz.tbd in Frameworks */,
				E96995EC2236C926000BB13C /* libbz2.tbd in Frameworks */,
				E96995EA2236C91F000BB13C /* CoreVideo.framework in Frameworks */,
				E96995E82236C919000BB13C /* CoreMedia.framework in Frameworks */,
				E96995E62236C914000BB13C /* CoreGraphics.framework in Frameworks */,
				E96995E42236C90C000BB13C /* AVFoundation.framework in Frameworks */,
			);
			runOnlyForDeploymentPostprocessing = 0;
		};
/* End PBXFrameworksBuildPhase section */

/* Begin PBXGroup section */
		E90F09F21EFA3CF800BC3EAD = {
			isa = PBXGroup;
			children = (
				E90F09FE1EFA3CF800BC3EAD /* DanMuPlayer */,
				E90F09FD1EFA3CF800BC3EAD /* Products */,
				E90F0A2A1EFA40EC00BC3EAD /* Frameworks */,
			);
			sourceTree = "<group>";
		};
		E90F09FD1EFA3CF800BC3EAD /* Products */ = {
			isa = PBXGroup;
			children = (
				E90F09FC1EFA3CF800BC3EAD /* DanMuPlayer.framework */,
			);
			name = Products;
			sourceTree = "<group>";
		};
		E90F09FE1EFA3CF800BC3EAD /* DanMuPlayer */ = {
			isa = PBXGroup;
			children = (
				E9B3EBD21FD3C281006EB41C /* DanMuPlayer.h */,
				E959D3DC20A315870079E653 /* common */,
				E996F964223B4B1A00AC233B /* MergedPlayer */,
				E959D39620A3006B0079E653 /* MPVPlayer */,
				E9B3EBD11FD3C182006EB41C /* SGPlayer */,
				E9B3EBC61FD3C0A8006EB41C /* AVPlayer */,
				E90F0A001EFA3CF800BC3EAD /* Info.plist */,
				E9E8F97B223E4EB900B48D89 /* Assets.xcassets */,
			);
			path = DanMuPlayer;
			sourceTree = "<group>";
		};
		E90F0A2A1EFA40EC00BC3EAD /* Frameworks */ = {
			isa = PBXGroup;
			children = (
				E9EA070B22524D4700E70551 /* liblzma.tbd */,
				E9EA070922524CD900E70551 /* archive.a */,
				E9309EF9225078AF00CDB526 /* libdsm.a */,
				E9309EFD2250790800CDB526 /* libdsm.a */,
				E9309EF8225078AF00CDB526 /* libtasn1.a */,
				E9309EFC2250790800CDB526 /* libtasn1.a */,
				E9309ED5224E562800CDB526 /* libxml2.tbd */,
				E9309ED3224E561A00CDB526 /* bluray.a */,
				E9309ECF224E21BB00CDB526 /* harfbuzz-subset.a */,
				E9309ED0224E21BB00CDB526 /* harfbuzz.a */,
				E9309EC8224CCBD500CDB526 /* uchardet.a */,
				E9309EBB224B8FC800CDB526 /* expat.a */,
				E9309EBD224B8FC800CDB526 /* fontconfig.a */,
				E9309EBC224B8FC800CDB526 /* fribidi.a */,
				E9309EBE224B8FC800CDB526 /* png.a */,
				E9309EBF224B8FC800CDB526 /* png16.a */,
				E9309EBA224B8FC800CDB526 /* uuid.a */,
				E9309EB8224B8F7D00CDB526 /* freetype.a */,
				E9309EB6224B8F5700CDB526 /* ass.a */,
				E9309EB4224B702800CDB526 /* libresolv.tbd */,
				E9309EAD224B701B00CDB526 /* libsmbclient.a */,
				E9309EAE224B701B00CDB526 /* libtalloc.a */,
				E9309EAC224B701B00CDB526 /* libtdb.a */,
				E9309EAB224B701B00CDB526 /* libtevent.a */,
				E9309EAA224B701B00CDB526 /* libwbclient.a */,
				E94386042249D20E004E62A7 /* libavcodec.a */,
				E94386012249D20E004E62A7 /* libavfilter.a */,
				E94386032249D20E004E62A7 /* libavformat.a */,
				E94386052249D20E004E62A7 /* libavutil.a */,
				E94386082249D20F004E62A7 /* libcrypto.a */,
				E94386062249D20E004E62A7 /* libssl.a */,
				E94386022249D20E004E62A7 /* libswresample.a */,
				E94386072249D20E004E62A7 /* libswscale.a */,
				E94385FD2249D0A7004E62A7 /* libmpv.a */,
				E996F91A2238D16000AC233B /* IJKMediaFrameworkWithSSL.framework */,
				E9201B1B22429D08007FA8BA /* IJKMediaFrameworkWithSSL.framework */,
				E969961B22378454000BB13C /* libiconv.tbd */,
				E96995FB2236C955000BB13C /* libc++.tbd */,
				E96995F92236C94E000BB13C /* VideoToolbox.framework */,
				E96995F72236C949000BB13C /* UIKit.framework */,
				E96995F52236C944000BB13C /* QuartzCore.framework */,
				E96995F32236C93E000BB13C /* OpenGLES.framework */,
				E96995F12236C937000BB13C /* MobileCoreServices.framework */,
				E96995EF2236C930000BB13C /* MediaPlayer.framework */,
				E96995ED2236C92A000BB13C /* libz.tbd */,
				E96995EB2236C926000BB13C /* libbz2.tbd */,
				E96995E92236C91F000BB13C /* CoreVideo.framework */,
				E96995E72236C919000BB13C /* CoreMedia.framework */,
				E96995E52236C913000BB13C /* CoreGraphics.framework */,
				E96995E32236C90C000BB13C /* AVFoundation.framework */,
			);
			name = Frameworks;
			sourceTree = "<group>";
		};
		E94F95A02258F4AA00C9E41C /* RightPanel */ = {
			isa = PBXGroup;
			children = (
				E94F95A12258F51600C9E41C /* RightPanelViewController.h */,
				E94F95A22258F51600C9E41C /* RightPanelViewController.m */,
				E94F95A32258F51600C9E41C /* RightPanelViewController.xib */,
				E94F95A72258F68400C9E41C /* RightPanelCollectionViewCell.h */,
				E94F95A82258F68400C9E41C /* RightPanelCollectionViewCell.m */,
				E94F95A92258F68400C9E41C /* RightPanelCollectionViewCell.xib */,
			);
			path = RightPanel;
			sourceTree = "<group>";
		};
		E959D39620A3006B0079E653 /* MPVPlayer */ = {
			isa = PBXGroup;
			children = (
				E959D3AE20A3041F0079E653 /* MPVPlayerViewController.h */,
				E959D3AF20A3041F0079E653 /* MPVPlayerViewController.m */,
			);
			path = MPVPlayer;
			sourceTree = "<group>";
		};
		E959D3DC20A315870079E653 /* common */ = {
			isa = PBXGroup;
			children = (
				E90F0A161EFA3F6700BC3EAD /* StrokeUILabel.h */,
				E90F0A171EFA3F6700BC3EAD /* StrokeUILabel.m */,
				E90F0A181EFA3F6700BC3EAD /* DMPlayer.h */,
				E90F0A191EFA3F6700BC3EAD /* DMPlayer.m */,
				E953FFF3222BB3DD00137F79 /* DanMuView.h */,
				E953FFF0222BB3DC00137F79 /* DanMuView.m */,
				E90F0A1C1EFA3F6700BC3EAD /* DanMuLayer.h */,
				E90F0A1D1EFA3F6700BC3EAD /* DanMuLayer.m */,
				E90F0A1B1EFA3F6700BC3EAD /* SiriRemoteGestureRecognizer.h */,
				E90F0A1A1EFA3F6700BC3EAD /* SiriRemoteGestureRecognizer.m */,
				E9B3EBBC1FD3A287006EB41C /* AbstractPlayer.h */,
				E9B3EBC21FD3A722006EB41C /* MMVideoSources.h */,
				E9B3EBC31FD3A722006EB41C /* MMVideoSources.m */,
				E9D195111FFF84F60096FCA4 /* DMPlaylist.h */,
				E9D195151FFF85DD0096FCA4 /* DMPlaylist.m */,
			);
			path = common;
			sourceTree = "<group>";
		};
		E996F964223B4B1A00AC233B /* MergedPlayer */ = {
			isa = PBXGroup;
			children = (
				E996F962223B4AE400AC233B /* PlayerProtocol.h */,
				E996F965223B4B8300AC233B /* VideoPlayerViewController.h */,
				E996F966223B4B8300AC233B /* VideoPlayerViewController.m */,
				E996F969223B4D1E00AC233B /* IJKPlayerImplement.h */,
				E996F96A223B4D1E00AC233B /* IJKPlayerImplement.m */,
				E9309EA6224A566D00CDB526 /* MPVPlayerImplement.h */,
				E9309EA7224A566D00CDB526 /* MPVPlayerImplement.m */,
				E9D2811922578DAE007710E2 /* AVPlayerImplement.h */,
				E9D2811A22578DAE007710E2 /* AVPlayerImplement.m */,
				E9A70026223DEB930067ECB7 /* CurrentMediaInfo.h */,
				E9A70027223DEB930067ECB7 /* CurrentMediaInfo.m */,
				E9EA073D2256203800E70551 /* PushDownAnimator.h */,
				E9EA073E2256203800E70551 /* PushDownAnimator.m */,
				E9EA0741225623BA00E70551 /* PopUPAnimator.h */,
				E9EA0742225623BA00E70551 /* PopUPAnimator.m */,
				E9D2810B22571A77007710E2 /* PushLeftRightAnimator.h */,
				E9D2810C22571A77007710E2 /* PushLeftRightAnimator.m */,
				E9D2810F22571C37007710E2 /* PopLeftRightAnimator.h */,
				E9D2811022571C37007710E2 /* PopLeftRightAnimator.m */,
				E9D66EAF22586A63007466C1 /* ContinuePlayViewController.h */,
				E9D66EB022586A63007466C1 /* ContinuePlayViewController.m */,
				E9D66EB122586A63007466C1 /* ContinuePlayViewController.xib */,
				E94F95A02258F4AA00C9E41C /* RightPanel */,
				E9D281042257135D007710E2 /* LeftPanel */,
				E9A7002A223E15E00067ECB7 /* TopPanel */,
			);
			path = MergedPlayer;
			sourceTree = "<group>";
		};
		E9A7002A223E15E00067ECB7 /* TopPanel */ = {
			isa = PBXGroup;
			children = (
				E9E8F98C223FA4F400B48D89 /* PanelControlProtocol.h */,
				E9E8FAB322415C3F00B48D89 /* TabAnimationVCProtocol.h */,
				E9E8FAAD224154F000B48D89 /* TabBarTransitionAnimator.h */,
				E9E8FAAE224154F000B48D89 /* TabBarTransitionAnimator.m */,
				E9E8F98D223FAEDE00B48D89 /* PanelControlData.h */,
				E9E8F98E223FAEDE00B48D89 /* PanelControlData.m */,
				E9A70020223D39E30067ECB7 /* TopPanelViewController.h */,
				E9A70021223D39E30067ECB7 /* TopPanelViewController.m */,
				E9A70022223D39E30067ECB7 /* TopPanelViewController.xib */,
				E9A70014223CDFEA0067ECB7 /* InfoPanelViewController.h */,
				E9A70015223CDFEA0067ECB7 /* InfoPanelViewController.m */,
				E9A70016223CDFEA0067ECB7 /* InfoPanelViewController.xib */,
				E9A7001A223D2A760067ECB7 /* AudioInfoViewController.h */,
				E9A7001B223D2A760067ECB7 /* AudioInfoViewController.m */,
				E9A7001C223D2A760067ECB7 /* AudioInfoViewController.xib */,
				E9A70031223E1F690067ECB7 /* PlayerControlViewController.h */,
				E9A70032223E1F690067ECB7 /* PlayerControlViewController.m */,
				E9A70033223E1F690067ECB7 /* PlayerControlViewController.xib */,
				E9E8F95E223E2A2500B48D89 /* SelectionCollectionViewCell.h */,
				E9E8F95F223E2A2500B48D89 /* SelectionCollectionViewCell.m */,
				E9E8F960223E2A2500B48D89 /* SelectionCollectionViewCell.xib */,
				E9E8F969223E2FFB00B48D89 /* headerCollectionReusableView.h */,
				E9E8F96A223E2FFB00B48D89 /* headerCollectionReusableView.m */,
				E9E8F96B223E2FFB00B48D89 /* headerCollectionReusableView.xib */,
				E9E8F96F223E44F300B48D89 /* EpisodeViewController.h */,
				E9E8F970223E44F300B48D89 /* EpisodeViewController.m */,
				E9E8F971223E44F300B48D89 /* EpisodeViewController.xib */,
				E9E8F975223E4AE800B48D89 /* LockupCollectionViewCell.h */,
				E9E8F976223E4AE800B48D89 /* LockupCollectionViewCell.m */,
				E9E8F977223E4AE800B48D89 /* LockupCollectionViewCell.xib */,
			);
			path = TopPanel;
			sourceTree = "<group>";
		};
		E9B3EBC61FD3C0A8006EB41C /* AVPlayer */ = {
			isa = PBXGroup;
			children = (
				E9B3EBC91FD3C0D6006EB41C /* LazyCatAVPlayerViewController.h */,
				E9B3EBC71FD3C0D6006EB41C /* LazyCatAVPlayerViewController.m */,
				E953012E223274B000137F79 /* CustomResourceLoader.h */,
				E953012D223274AF00137F79 /* CustomResourceLoader.m */,
			);
			path = AVPlayer;
			sourceTree = "<group>";
		};
		E9B3EBD11FD3C182006EB41C /* SGPlayer */ = {
			isa = PBXGroup;
			children = (
				E90F0A141EFA3F6700BC3EAD /* PlayerViewController.h */,
				E90F0A151EFA3F6700BC3EAD /* PlayerViewController.m */,
			);
			path = SGPlayer;
			sourceTree = "<group>";
		};
		E9D281042257135D007710E2 /* LeftPanel */ = {
			isa = PBXGroup;
			children = (
				E9D2810522571390007710E2 /* LeftPanelViewController.h */,
				E9D2810622571390007710E2 /* LeftPanelViewController.m */,
				E9D2810722571390007710E2 /* LeftPanelViewController.xib */,
				E9D2811322571FB7007710E2 /* QuickSelectCollectionViewCell.h */,
				E9D2811422571FB7007710E2 /* QuickSelectCollectionViewCell.m */,
				E9D2811522571FB7007710E2 /* QuickSelectCollectionViewCell.xib */,
				E9D281222257A288007710E2 /* QuickSelectHeaderViewCollectionReusableView.h */,
				E9D281232257A288007710E2 /* QuickSelectHeaderViewCollectionReusableView.m */,
				E9D281242257A288007710E2 /* QuickSelectHeaderViewCollectionReusableView.xib */,
			);
			path = LeftPanel;
			sourceTree = "<group>";
		};
/* End PBXGroup section */

/* Begin PBXHeadersBuildPhase section */
		E90F09F91EFA3CF800BC3EAD /* Headers */ = {
			isa = PBXHeadersBuildPhase;
			buildActionMask = 2147483647;
			files = (
				E90F0A1E1EFA3F6700BC3EAD /* PlayerViewController.h in Headers */,
				E90F0A251EFA3F6700BC3EAD /* SiriRemoteGestureRecognizer.h in Headers */,
				E9A7001D223D2A760067ECB7 /* AudioInfoViewController.h in Headers */,
				E9E8F98F223FAEDF00B48D89 /* PanelControlData.h in Headers */,
				E9EA0743225623BA00E70551 /* PopUPAnimator.h in Headers */,
				E9D2811622571FB7007710E2 /* QuickSelectCollectionViewCell.h in Headers */,
				E9D195121FFF84F60096FCA4 /* DMPlaylist.h in Headers */,
				E9B3EBBE1FD3A287006EB41C /* AbstractPlayer.h in Headers */,
				E9E8F972223E44F300B48D89 /* EpisodeViewController.h in Headers */,
				E996F96B223B4D1E00AC233B /* IJKPlayerImplement.h in Headers */,
				E9D2810822571390007710E2 /* LeftPanelViewController.h in Headers */,
				E9B3EBC41FD3A722006EB41C /* MMVideoSources.h in Headers */,
				E94F95A42258F51600C9E41C /* RightPanelViewController.h in Headers */,
				E9D2811B22578DAF007710E2 /* AVPlayerImplement.h in Headers */,
				E9E8F978223E4AE800B48D89 /* LockupCollectionViewCell.h in Headers */,
				E953FFF5222BB3DE00137F79 /* DanMuView.h in Headers */,
				E9E8F96C223E2FFB00B48D89 /* headerCollectionReusableView.h in Headers */,
				E9530131223274B000137F79 /* CustomResourceLoader.h in Headers */,
				E9B3EBD31FD3C282006EB41C /* DanMuPlayer.h in Headers */,
				E90F0A261EFA3F6700BC3EAD /* DanMuLayer.h in Headers */,
				E9A70017223CDFEA0067ECB7 /* InfoPanelViewController.h in Headers */,
				E9D281252257A288007710E2 /* QuickSelectHeaderViewCollectionReusableView.h in Headers */,
				E9A70023223D39E30067ECB7 /* TopPanelViewController.h in Headers */,
				E9E8FAAF224154F000B48D89 /* TabBarTransitionAnimator.h in Headers */,
				E996F963223B4AE500AC233B /* PlayerProtocol.h in Headers */,
				E9A70034223E1F690067ECB7 /* PlayerControlViewController.h in Headers */,
				E9E8F961223E2A2500B48D89 /* SelectionCollectionViewCell.h in Headers */,
				E9D2810D22571A77007710E2 /* PushLeftRightAnimator.h in Headers */,
				E996F967223B4B8300AC233B /* VideoPlayerViewController.h in Headers */,
				E94F95AA2258F68400C9E41C /* RightPanelCollectionViewCell.h in Headers */,
				E9B3EBCE1FD3C0D7006EB41C /* LazyCatAVPlayerViewController.h in Headers */,
				E9EA073F2256203800E70551 /* PushDownAnimator.h in Headers */,
				E90F0A201EFA3F6700BC3EAD /* StrokeUILabel.h in Headers */,
				E9D2811122571C37007710E2 /* PopLeftRightAnimator.h in Headers */,
				E9D66EB222586A63007466C1 /* ContinuePlayViewController.h in Headers */,
				E90F0A221EFA3F6700BC3EAD /* DMPlayer.h in Headers */,
				E9309EA8224A566D00CDB526 /* MPVPlayerImplement.h in Headers */,
				E9A70028223DEB930067ECB7 /* CurrentMediaInfo.h in Headers */,
			);
			runOnlyForDeploymentPostprocessing = 0;
		};
/* End PBXHeadersBuildPhase section */

/* Begin PBXNativeTarget section */
		E90F09FB1EFA3CF800BC3EAD /* DanMuPlayer */ = {
			isa = PBXNativeTarget;
			buildConfigurationList = E90F0A041EFA3CF800BC3EAD /* Build configuration list for PBXNativeTarget "DanMuPlayer" */;
			buildPhases = (
				E90F09F71EFA3CF800BC3EAD /* Sources */,
				E90F09F81EFA3CF800BC3EAD /* Frameworks */,
				E90F09F91EFA3CF800BC3EAD /* Headers */,
				E90F09FA1EFA3CF800BC3EAD /* Resources */,
			);
			buildRules = (
			);
			dependencies = (
			);
			name = DanMuPlayer;
			productName = DanMuPlayer;
			productReference = E90F09FC1EFA3CF800BC3EAD /* DanMuPlayer.framework */;
			productType = "com.apple.product-type.framework";
		};
/* End PBXNativeTarget section */

/* Begin PBXProject section */
		E90F09F31EFA3CF800BC3EAD /* Project object */ = {
			isa = PBXProject;
			attributes = {
				LastUpgradeCheck = 0930;
				ORGANIZATIONNAME = zfu;
				TargetAttributes = {
					E90F09FB1EFA3CF800BC3EAD = {
						CreatedOnToolsVersion = 8.3.3;
						LastSwiftMigration = 1010;
						ProvisioningStyle = Automatic;
					};
				};
			};
			buildConfigurationList = E90F09F61EFA3CF800BC3EAD /* Build configuration list for PBXProject "DanMuPlayer" */;
			compatibilityVersion = "Xcode 3.2";
			developmentRegion = en;
			hasScannedForEncodings = 0;
			knownRegions = (
				en,
				Base,
			);
			mainGroup = E90F09F21EFA3CF800BC3EAD;
			productRefGroup = E90F09FD1EFA3CF800BC3EAD /* Products */;
			projectDirPath = "";
			projectRoot = "";
			targets = (
				E90F09FB1EFA3CF800BC3EAD /* DanMuPlayer */,
			);
		};
/* End PBXProject section */

/* Begin PBXResourcesBuildPhase section */
		E90F09FA1EFA3CF800BC3EAD /* Resources */ = {
			isa = PBXResourcesBuildPhase;
			buildActionMask = 2147483647;
			files = (
				E9E8F963223E2A2500B48D89 /* SelectionCollectionViewCell.xib in Resources */,
				E9A70019223CDFEA0067ECB7 /* InfoPanelViewController.xib in Resources */,
				E9E8F97A223E4AE800B48D89 /* LockupCollectionViewCell.xib in Resources */,
				E9D66EB422586A63007466C1 /* ContinuePlayViewController.xib in Resources */,
				E9D281272257A288007710E2 /* QuickSelectHeaderViewCollectionReusableView.xib in Resources */,
				E9E8F96E223E2FFB00B48D89 /* headerCollectionReusableView.xib in Resources */,
				E94F95AC2258F68400C9E41C /* RightPanelCollectionViewCell.xib in Resources */,
				E9A7001F223D2A760067ECB7 /* AudioInfoViewController.xib in Resources */,
				E9E8F974223E44F300B48D89 /* EpisodeViewController.xib in Resources */,
				E9D2811822571FB7007710E2 /* QuickSelectCollectionViewCell.xib in Resources */,
				E9A70025223D39E30067ECB7 /* TopPanelViewController.xib in Resources */,
				E9E8F97C223E4EB900B48D89 /* Assets.xcassets in Resources */,
				E9D2810A22571390007710E2 /* LeftPanelViewController.xib in Resources */,
				E94F95A62258F51600C9E41C /* RightPanelViewController.xib in Resources */,
				E9A70036223E1F690067ECB7 /* PlayerControlViewController.xib in Resources */,
			);
			runOnlyForDeploymentPostprocessing = 0;
		};
/* End PBXResourcesBuildPhase section */

/* Begin PBXSourcesBuildPhase section */
		E90F09F71EFA3CF800BC3EAD /* Sources */ = {
			isa = PBXSourcesBuildPhase;
			buildActionMask = 2147483647;
			files = (
				E9EA07402256203800E70551 /* PushDownAnimator.m in Sources */,
				E9D2811722571FB7007710E2 /* QuickSelectCollectionViewCell.m in Sources */,
				E94F95AB2258F68400C9E41C /* RightPanelCollectionViewCell.m in Sources */,
				E9D281262257A288007710E2 /* QuickSelectHeaderViewCollectionReusableView.m in Sources */,
				E953FFF4222BB3DE00137F79 /* DanMuView.m in Sources */,
				E9A70018223CDFEA0067ECB7 /* InfoPanelViewController.m in Sources */,
				E9309EA9224A566D00CDB526 /* MPVPlayerImplement.m in Sources */,
				E9A70035223E1F690067ECB7 /* PlayerControlViewController.m in Sources */,
				E90F0A231EFA3F6700BC3EAD /* DMPlayer.m in Sources */,
				E9D2810922571390007710E2 /* LeftPanelViewController.m in Sources */,
				E90F0A211EFA3F6700BC3EAD /* StrokeUILabel.m in Sources */,
				E9A7001E223D2A760067ECB7 /* AudioInfoViewController.m in Sources */,
				E996F96C223B4D1E00AC233B /* IJKPlayerImplement.m in Sources */,
				E9D195161FFF85DD0096FCA4 /* DMPlaylist.m in Sources */,
				E9E8F96D223E2FFB00B48D89 /* headerCollectionReusableView.m in Sources */,
				E9A70024223D39E30067ECB7 /* TopPanelViewController.m in Sources */,
				E9530130223274B000137F79 /* CustomResourceLoader.m in Sources */,
				E9D2811C22578DAF007710E2 /* AVPlayerImplement.m in Sources */,
				E9D66EB322586A63007466C1 /* ContinuePlayViewController.m in Sources */,
				E9E8F990223FAEDF00B48D89 /* PanelControlData.m in Sources */,
				E9EA0744225623BA00E70551 /* PopUPAnimator.m in Sources */,
				E996F968223B4B8300AC233B /* VideoPlayerViewController.m in Sources */,
				E94F95A52258F51600C9E41C /* RightPanelViewController.m in Sources */,
				E9D2811222571C37007710E2 /* PopLeftRightAnimator.m in Sources */,
				E9D2810E22571A77007710E2 /* PushLeftRightAnimator.m in Sources */,
				E90F0A241EFA3F6700BC3EAD /* SiriRemoteGestureRecognizer.m in Sources */,
				E9B3EBCC1FD3C0D7006EB41C /* LazyCatAVPlayerViewController.m in Sources */,
				E90F0A271EFA3F6700BC3EAD /* DanMuLayer.m in Sources */,
				E9E8F973223E44F300B48D89 /* EpisodeViewController.m in Sources */,
				E9E8FAB0224154F000B48D89 /* TabBarTransitionAnimator.m in Sources */,
				E9B3EBC51FD3A722006EB41C /* MMVideoSources.m in Sources */,
				E9E8F962223E2A2500B48D89 /* SelectionCollectionViewCell.m in Sources */,
				E9E8F979223E4AE800B48D89 /* LockupCollectionViewCell.m in Sources */,
				E9A70029223DEB930067ECB7 /* CurrentMediaInfo.m in Sources */,
			);
			runOnlyForDeploymentPostprocessing = 0;
		};
/* End PBXSourcesBuildPhase section */

/* Begin XCBuildConfiguration section */
		E90F0A021EFA3CF800BC3EAD /* Debug */ = {
			isa = XCBuildConfiguration;
			buildSettings = {
				ALWAYS_SEARCH_USER_PATHS = NO;
				CLANG_ANALYZER_NONNULL = YES;
				CLANG_ANALYZER_NUMBER_OBJECT_CONVERSION = YES_AGGRESSIVE;
				CLANG_CXX_LANGUAGE_STANDARD = "gnu++0x";
				CLANG_CXX_LIBRARY = "libc++";
				CLANG_ENABLE_MODULES = YES;
				CLANG_ENABLE_OBJC_ARC = YES;
				CLANG_WARN_BLOCK_CAPTURE_AUTORELEASING = YES;
				CLANG_WARN_BOOL_CONVERSION = YES;
				CLANG_WARN_COMMA = YES;
				CLANG_WARN_CONSTANT_CONVERSION = YES;
				CLANG_WARN_DEPRECATED_OBJC_IMPLEMENTATIONS = YES;
				CLANG_WARN_DIRECT_OBJC_ISA_USAGE = YES_ERROR;
				CLANG_WARN_DOCUMENTATION_COMMENTS = YES;
				CLANG_WARN_EMPTY_BODY = YES;
				CLANG_WARN_ENUM_CONVERSION = YES;
				CLANG_WARN_INFINITE_RECURSION = YES;
				CLANG_WARN_INT_CONVERSION = YES;
				CLANG_WARN_NON_LITERAL_NULL_CONVERSION = YES;
				CLANG_WARN_OBJC_IMPLICIT_RETAIN_SELF = YES;
				CLANG_WARN_OBJC_LITERAL_CONVERSION = YES;
				CLANG_WARN_OBJC_ROOT_CLASS = YES_ERROR;
				CLANG_WARN_RANGE_LOOP_ANALYSIS = YES;
				CLANG_WARN_STRICT_PROTOTYPES = YES;
				CLANG_WARN_SUSPICIOUS_MOVE = YES;
				CLANG_WARN_UNREACHABLE_CODE = YES;
				CLANG_WARN__DUPLICATE_METHOD_MATCH = YES;
				COPY_PHASE_STRIP = NO;
				CURRENT_PROJECT_VERSION = 1;
				DEBUG_INFORMATION_FORMAT = dwarf;
				ENABLE_STRICT_OBJC_MSGSEND = YES;
				ENABLE_TESTABILITY = YES;
				GCC_C_LANGUAGE_STANDARD = gnu99;
				GCC_DYNAMIC_NO_PIC = NO;
				GCC_NO_COMMON_BLOCKS = YES;
				GCC_OPTIMIZATION_LEVEL = 0;
				GCC_PREPROCESSOR_DEFINITIONS = (
					"DEBUG=1",
					"$(inherited)",
				);
				GCC_WARN_64_TO_32_BIT_CONVERSION = YES;
				GCC_WARN_ABOUT_RETURN_TYPE = YES_ERROR;
				GCC_WARN_UNDECLARED_SELECTOR = YES;
				GCC_WARN_UNINITIALIZED_AUTOS = YES_AGGRESSIVE;
				GCC_WARN_UNUSED_FUNCTION = YES;
				GCC_WARN_UNUSED_VARIABLE = YES;
				HEADER_SEARCH_PATHS = "";
				MTL_ENABLE_DEBUG_INFO = YES;
				ONLY_ACTIVE_ARCH = YES;
				SDKROOT = appletvos;
				TARGETED_DEVICE_FAMILY = 3;
				TVOS_DEPLOYMENT_TARGET = 10.2;
				VERSIONING_SYSTEM = "apple-generic";
				VERSION_INFO_PREFIX = "";
			};
			name = Debug;
		};
		E90F0A031EFA3CF800BC3EAD /* Release */ = {
			isa = XCBuildConfiguration;
			buildSettings = {
				ALWAYS_SEARCH_USER_PATHS = NO;
				CLANG_ANALYZER_NONNULL = YES;
				CLANG_ANALYZER_NUMBER_OBJECT_CONVERSION = YES_AGGRESSIVE;
				CLANG_CXX_LANGUAGE_STANDARD = "gnu++0x";
				CLANG_CXX_LIBRARY = "libc++";
				CLANG_ENABLE_MODULES = YES;
				CLANG_ENABLE_OBJC_ARC = YES;
				CLANG_WARN_BLOCK_CAPTURE_AUTORELEASING = YES;
				CLANG_WARN_BOOL_CONVERSION = YES;
				CLANG_WARN_COMMA = YES;
				CLANG_WARN_CONSTANT_CONVERSION = YES;
				CLANG_WARN_DEPRECATED_OBJC_IMPLEMENTATIONS = YES;
				CLANG_WARN_DIRECT_OBJC_ISA_USAGE = YES_ERROR;
				CLANG_WARN_DOCUMENTATION_COMMENTS = YES;
				CLANG_WARN_EMPTY_BODY = YES;
				CLANG_WARN_ENUM_CONVERSION = YES;
				CLANG_WARN_INFINITE_RECURSION = YES;
				CLANG_WARN_INT_CONVERSION = YES;
				CLANG_WARN_NON_LITERAL_NULL_CONVERSION = YES;
				CLANG_WARN_OBJC_IMPLICIT_RETAIN_SELF = YES;
				CLANG_WARN_OBJC_LITERAL_CONVERSION = YES;
				CLANG_WARN_OBJC_ROOT_CLASS = YES_ERROR;
				CLANG_WARN_RANGE_LOOP_ANALYSIS = YES;
				CLANG_WARN_STRICT_PROTOTYPES = YES;
				CLANG_WARN_SUSPICIOUS_MOVE = YES;
				CLANG_WARN_UNREACHABLE_CODE = YES;
				CLANG_WARN__DUPLICATE_METHOD_MATCH = YES;
				COPY_PHASE_STRIP = NO;
				CURRENT_PROJECT_VERSION = 1;
				DEBUG_INFORMATION_FORMAT = "dwarf-with-dsym";
				ENABLE_NS_ASSERTIONS = NO;
				ENABLE_STRICT_OBJC_MSGSEND = YES;
				GCC_C_LANGUAGE_STANDARD = gnu99;
				GCC_NO_COMMON_BLOCKS = YES;
				GCC_WARN_64_TO_32_BIT_CONVERSION = YES;
				GCC_WARN_ABOUT_RETURN_TYPE = YES_ERROR;
				GCC_WARN_UNDECLARED_SELECTOR = YES;
				GCC_WARN_UNINITIALIZED_AUTOS = YES_AGGRESSIVE;
				GCC_WARN_UNUSED_FUNCTION = YES;
				GCC_WARN_UNUSED_VARIABLE = YES;
				HEADER_SEARCH_PATHS = "";
				MTL_ENABLE_DEBUG_INFO = NO;
				SDKROOT = appletvos;
				TARGETED_DEVICE_FAMILY = 3;
				TVOS_DEPLOYMENT_TARGET = 10.2;
				VALIDATE_PRODUCT = YES;
				VERSIONING_SYSTEM = "apple-generic";
				VERSION_INFO_PREFIX = "";
			};
			name = Release;
		};
		E90F0A051EFA3CF800BC3EAD /* Debug */ = {
			isa = XCBuildConfiguration;
			buildSettings = {
				CLANG_ENABLE_MODULES = YES;
				CODE_SIGN_IDENTITY = "";
				DEFINES_MODULE = YES;
				DEVELOPMENT_TEAM = "";
				DYLIB_COMPATIBILITY_VERSION = 1;
				DYLIB_CURRENT_VERSION = 1;
				DYLIB_INSTALL_NAME_BASE = "@rpath";
				FRAMEWORK_SEARCH_PATHS = (
					"$(inherited)",
					"$(PROJECT_DIR)",
				);
				HEADER_SEARCH_PATHS = "$(SRCROOT)/dependency/mpv/include";
				INFOPLIST_FILE = DanMuPlayer/Info.plist;
				INSTALL_PATH = "$(LOCAL_LIBRARY_DIR)/Frameworks";
				LD_RUNPATH_SEARCH_PATHS = "$(inherited) @executable_path/Frameworks @loader_path/Frameworks";
				LIBRARY_SEARCH_PATHS = (
					"$(PROJECT_DIR)/dependency/mpv/lib",
					"$(PROJECT_DIR)/ijkplayer/ios/build/universal/lib",
				);
				OTHER_LDFLAGS = "";
				PRODUCT_BUNDLE_IDENTIFIER = com.fuzhuo.DanMuPlayer;
				PRODUCT_NAME = "$(TARGET_NAME)";
				SKIP_INSTALL = YES;
				SWIFT_OPTIMIZATION_LEVEL = "-Onone";
				SWIFT_VERSION = 4.2;
				TVOS_DEPLOYMENT_TARGET = 11.0;
			};
			name = Debug;
		};
		E90F0A061EFA3CF800BC3EAD /* Release */ = {
			isa = XCBuildConfiguration;
			buildSettings = {
				CLANG_ENABLE_MODULES = YES;
				CODE_SIGN_IDENTITY = "";
				DEFINES_MODULE = YES;
				DEVELOPMENT_TEAM = "";
				DYLIB_COMPATIBILITY_VERSION = 1;
				DYLIB_CURRENT_VERSION = 1;
				DYLIB_INSTALL_NAME_BASE = "@rpath";
				FRAMEWORK_SEARCH_PATHS = (
					"$(inherited)",
					"$(PROJECT_DIR)",
				);
				HEADER_SEARCH_PATHS = "$(SRCROOT)/dependency/mpv/include";
				INFOPLIST_FILE = DanMuPlayer/Info.plist;
				INSTALL_PATH = "$(LOCAL_LIBRARY_DIR)/Frameworks";
				LD_RUNPATH_SEARCH_PATHS = "$(inherited) @executable_path/Frameworks @loader_path/Frameworks";
				LIBRARY_SEARCH_PATHS = (
					"$(PROJECT_DIR)/dependency/mpv/lib",
					"$(PROJECT_DIR)/ijkplayer/ios/build/universal/lib",
				);
				OTHER_LDFLAGS = "";
				PRODUCT_BUNDLE_IDENTIFIER = com.fuzhuo.DanMuPlayer;
				PRODUCT_NAME = "$(TARGET_NAME)";
				SKIP_INSTALL = YES;
				SWIFT_VERSION = 4.2;
				TVOS_DEPLOYMENT_TARGET = 11.0;
			};
			name = Release;
		};
/* End XCBuildConfiguration section */

/* Begin XCConfigurationList section */
		E90F09F61EFA3CF800BC3EAD /* Build configuration list for PBXProject "DanMuPlayer" */ = {
			isa = XCConfigurationList;
			buildConfigurations = (
				E90F0A021EFA3CF800BC3EAD /* Debug */,
				E90F0A031EFA3CF800BC3EAD /* Release */,
			);
			defaultConfigurationIsVisible = 0;
			defaultConfigurationName = Release;
		};
		E90F0A041EFA3CF800BC3EAD /* Build configuration list for PBXNativeTarget "DanMuPlayer" */ = {
			isa = XCConfigurationList;
			buildConfigurations = (
				E90F0A051EFA3CF800BC3EAD /* Debug */,
				E90F0A061EFA3CF800BC3EAD /* Release */,
			);
			defaultConfigurationIsVisible = 0;
			defaultConfigurationName = Release;
		};
/* End XCConfigurationList section */
	};
	rootObject = E90F09F31EFA3CF800BC3EAD /* Project object */;
}
